// !$*UTF8*$!
{
	archiveVersion = 1;
	classes = {
	};
	objectVersion = 51;
	objects = {

/* Begin PBXBuildFile section */
		392562FB25F0D306D1467603 /* Pods_TriageUITests.framework in Frameworks */ = {isa = PBXBuildFile; fileRef = A424B49324530AC28FF6F532 /* Pods_TriageUITests.framework */; };
		450A977E24DCAC7A007BCDD3 /* TabBar.swift in Sources */ = {isa = PBXBuildFile; fileRef = 450A977D24DCAC7A007BCDD3 /* TabBar.swift */; };
		452DDBC7243CF3F000A8F1FF /* Agency.swift in Sources */ = {isa = PBXBuildFile; fileRef = 452DDBC6243CF3F000A8F1FF /* Agency.swift */; };
		452DDBC9243CF40600A8F1FF /* Facility.swift in Sources */ = {isa = PBXBuildFile; fileRef = 452DDBC8243CF40600A8F1FF /* Facility.swift */; };
		452DDBCB243D22D000A8F1FF /* FacilitiesTableViewController.swift in Sources */ = {isa = PBXBuildFile; fileRef = 452DDBCA243D22D000A8F1FF /* FacilitiesTableViewController.swift */; };
		452DDBCD243D22E300A8F1FF /* AgenciesTableViewController.swift in Sources */ = {isa = PBXBuildFile; fileRef = 452DDBCC243D22E300A8F1FF /* AgenciesTableViewController.swift */; };
		452DDBD0243D341900A8F1FF /* FacilityTableViewCell.swift in Sources */ = {isa = PBXBuildFile; fileRef = 452DDBCE243D341900A8F1FF /* FacilityTableViewCell.swift */; };
		452DDBD3243D628200A8F1FF /* Double+Extensions.swift in Sources */ = {isa = PBXBuildFile; fileRef = 452DDBD2243D628200A8F1FF /* Double+Extensions.swift */; };
		452DDBDB243D819500A8F1FF /* SelectorView.swift in Sources */ = {isa = PBXBuildFile; fileRef = 452DDBD9243D819500A8F1FF /* SelectorView.swift */; };
		453877BD236FA47300E19880 /* NonSceneTabBarController.swift in Sources */ = {isa = PBXBuildFile; fileRef = 453877BC236FA47300E19880 /* NonSceneTabBarController.swift */; };
		4538CE35242098B300E276A4 /* RelativeDateTimeFormatter+Extensions.swift in Sources */ = {isa = PBXBuildFile; fileRef = 4538CE34242098B300E276A4 /* RelativeDateTimeFormatter+Extensions.swift */; };
		4538CE372420992B00E276A4 /* Date+Extensions.swift in Sources */ = {isa = PBXBuildFile; fileRef = 4538CE362420992B00E276A4 /* Date+Extensions.swift */; };
		454096A824452CEA00AEE53E /* AppSettings.swift in Sources */ = {isa = PBXBuildFile; fileRef = 454096A724452CEA00AEE53E /* AppSettings.swift */; };
		4543DD4C24DDE62100F9E50B /* TabBarController.swift in Sources */ = {isa = PBXBuildFile; fileRef = 4543DD4B24DDE62100F9E50B /* TabBarController.swift */; };
		4543DD4E24DE20B100F9E50B /* NavigationBar.swift in Sources */ = {isa = PBXBuildFile; fileRef = 4543DD4D24DE20B100F9E50B /* NavigationBar.swift */; };
		454E17AC24FECBF800F9EB8B /* PreviousScenesViewController.swift in Sources */ = {isa = PBXBuildFile; fileRef = 454E17AB24FECBF800F9EB8B /* PreviousScenesViewController.swift */; };
		454E17AE24FECC1B00F9EB8B /* NewSceneViewController.swift in Sources */ = {isa = PBXBuildFile; fileRef = 454E17AD24FECC1B00F9EB8B /* NewSceneViewController.swift */; };
		454E17B024FECD8800F9EB8B /* BannerView.swift in Sources */ = {isa = PBXBuildFile; fileRef = 454E17AF24FECD8800F9EB8B /* BannerView.swift */; };
		454E17B224FF159C00F9EB8B /* Scene.swift in Sources */ = {isa = PBXBuildFile; fileRef = 454E17B124FF159C00F9EB8B /* Scene.swift */; };
		454E17B524FF29B500F9EB8B /* SceneTableViewCell.swift in Sources */ = {isa = PBXBuildFile; fileRef = 454E17B424FF29B500F9EB8B /* SceneTableViewCell.swift */; };
		454E17B724FFF5BF00F9EB8B /* User.swift in Sources */ = {isa = PBXBuildFile; fileRef = 454E17B624FFF5BF00F9EB8B /* User.swift */; };
		454E17B924FFF5C900F9EB8B /* Responder.swift in Sources */ = {isa = PBXBuildFile; fileRef = 454E17B824FFF5C900F9EB8B /* Responder.swift */; };
		454E17BB24FFF5FB00F9EB8B /* SceneOverviewViewController.swift in Sources */ = {isa = PBXBuildFile; fileRef = 454E17BA24FFF5FB00F9EB8B /* SceneOverviewViewController.swift */; };
		454E17BD250022C700F9EB8B /* SceneHeaderView.swift in Sources */ = {isa = PBXBuildFile; fileRef = 454E17BC250022C700F9EB8B /* SceneHeaderView.swift */; };
		454E17BF250022E000F9EB8B /* ScenePatientsView.swift in Sources */ = {isa = PBXBuildFile; fileRef = 454E17BE250022E000F9EB8B /* ScenePatientsView.swift */; };
		454E17C1250022ED00F9EB8B /* SceneRespondersView.swift in Sources */ = {isa = PBXBuildFile; fileRef = 454E17C0250022ED00F9EB8B /* SceneRespondersView.swift */; };
		45515A2F24DE26AB007BAE09 /* SearchBar.swift in Sources */ = {isa = PBXBuildFile; fileRef = 45515A2E24DE26AB007BAE09 /* SearchBar.swift */; };
		45515A3124DF682A007BAE09 /* SortBar.swift in Sources */ = {isa = PBXBuildFile; fileRef = 45515A3024DF682A007BAE09 /* SortBar.swift */; };
		4563C74024DA6FB200217901 /* Barlow-SemiBold.ttf in Resources */ = {isa = PBXBuildFile; fileRef = 4563C73E24DA6FB100217901 /* Barlow-SemiBold.ttf */; };
		4563C74124DA6FB200217901 /* Barlow-Regular.ttf in Resources */ = {isa = PBXBuildFile; fileRef = 4563C73F24DA6FB100217901 /* Barlow-Regular.ttf */; };
		4563C74324DA763700217901 /* FormField.swift in Sources */ = {isa = PBXBuildFile; fileRef = 4563C74224DA763700217901 /* FormField.swift */; };
		4563C74724DB7B3500217901 /* UIFont+Extensions.swift in Sources */ = {isa = PBXBuildFile; fileRef = 4563C74624DB7B3500217901 /* UIFont+Extensions.swift */; };
		4566F020236CCC5500A04C75 /* AppDelegate.swift in Sources */ = {isa = PBXBuildFile; fileRef = 4566F01F236CCC5500A04C75 /* AppDelegate.swift */; };
		4566F027236CCC5500A04C75 /* Main.storyboard in Resources */ = {isa = PBXBuildFile; fileRef = 4566F025236CCC5500A04C75 /* Main.storyboard */; };
		4566F029236CCC5700A04C75 /* Assets.xcassets in Resources */ = {isa = PBXBuildFile; fileRef = 4566F028236CCC5700A04C75 /* Assets.xcassets */; };
		4566F02C236CCC5700A04C75 /* LaunchScreen.storyboard in Resources */ = {isa = PBXBuildFile; fileRef = 4566F02A236CCC5700A04C75 /* LaunchScreen.storyboard */; };
		4566F042236CCC5700A04C75 /* TriageUITests.swift in Sources */ = {isa = PBXBuildFile; fileRef = 4566F041236CCC5700A04C75 /* TriageUITests.swift */; };
		4566F053236CD05200A04C75 /* Login.storyboard in Resources */ = {isa = PBXBuildFile; fileRef = 4566F052236CD05200A04C75 /* Login.storyboard */; };
		4566F055236CD0C100A04C75 /* LoginViewController.swift in Sources */ = {isa = PBXBuildFile; fileRef = 4566F054236CD0C100A04C75 /* LoginViewController.swift */; };
		4566F058236CD1EE00A04C75 /* Patients.storyboard in Resources */ = {isa = PBXBuildFile; fileRef = 4566F057236CD1EE00A04C75 /* Patients.storyboard */; };
		4566F05A236CD26900A04C75 /* PatientsCollectionViewController.swift in Sources */ = {isa = PBXBuildFile; fileRef = 4566F059236CD26900A04C75 /* PatientsCollectionViewController.swift */; };
		4566F05C236CD2DB00A04C75 /* ApiClient.swift in Sources */ = {isa = PBXBuildFile; fileRef = 4566F05B236CD2DB00A04C75 /* ApiClient.swift */; };
		4566F05F236CD57400A04C75 /* UIViewController+Extensions.swift in Sources */ = {isa = PBXBuildFile; fileRef = 4566F05E236CD57400A04C75 /* UIViewController+Extensions.swift */; };
		4566F063236CE18E00A04C75 /* Patient.swift in Sources */ = {isa = PBXBuildFile; fileRef = 4566F062236CE18E00A04C75 /* Patient.swift */; };
		4566F065236CE3B500A04C75 /* Base.swift in Sources */ = {isa = PBXBuildFile; fileRef = 4566F064236CE3B500A04C75 /* Base.swift */; };
		4566F067236CE6D700A04C75 /* ISO8601DateFormatter+Extensions.swift in Sources */ = {isa = PBXBuildFile; fileRef = 4566F066236CE6D700A04C75 /* ISO8601DateFormatter+Extensions.swift */; };
		4566F069236CE82A00A04C75 /* AppRealm.swift in Sources */ = {isa = PBXBuildFile; fileRef = 4566F068236CE82A00A04C75 /* AppRealm.swift */; };
		4566F06B236CE8A800A04C75 /* PatientTests.swift in Sources */ = {isa = PBXBuildFile; fileRef = 4566F06A236CE8A800A04C75 /* PatientTests.swift */; };
		4566F06F236D2EBF00A04C75 /* PatientView.swift in Sources */ = {isa = PBXBuildFile; fileRef = 4566F06E236D2EBF00A04C75 /* PatientView.swift */; };
		4566F071236D2F1B00A04C75 /* PatientView.xib in Resources */ = {isa = PBXBuildFile; fileRef = 4566F070236D2F1B00A04C75 /* PatientView.xib */; };
		4566F073236D2FB100A04C75 /* UIView+Extensions.swift in Sources */ = {isa = PBXBuildFile; fileRef = 4566F072236D2FB100A04C75 /* UIView+Extensions.swift */; };
		4566F077236D450400A04C75 /* Localizable.strings in Resources */ = {isa = PBXBuildFile; fileRef = 4566F076236D450400A04C75 /* Localizable.strings */; };
		4566F07A236D486B00A04C75 /* RoundImageView.swift in Sources */ = {isa = PBXBuildFile; fileRef = 4566F079236D486B00A04C75 /* RoundImageView.swift */; };
		4566F07C236D4AC600A04C75 /* HorizontalRuleView.swift in Sources */ = {isa = PBXBuildFile; fileRef = 4566F07B236D4AC600A04C75 /* HorizontalRuleView.swift */; };
		4566F07E236D57FA00A04C75 /* PriorityView.swift in Sources */ = {isa = PBXBuildFile; fileRef = 4566F07D236D57FA00A04C75 /* PriorityView.swift */; };
		4566F082236DE94400A04C75 /* ScanViewController.swift in Sources */ = {isa = PBXBuildFile; fileRef = 4566F081236DE94400A04C75 /* ScanViewController.swift */; };
		4566F088236E0A5800A04C75 /* ObservationViewController.swift in Sources */ = {isa = PBXBuildFile; fileRef = 4566F087236E0A5800A04C75 /* ObservationViewController.swift */; };
		4566F08A236E0C8200A04C75 /* Observation.swift in Sources */ = {isa = PBXBuildFile; fileRef = 4566F089236E0C8200A04C75 /* Observation.swift */; };
		4566F08E236E117300A04C75 /* AttributeTableViewCell.swift in Sources */ = {isa = PBXBuildFile; fileRef = 4566F08C236E117300A04C75 /* AttributeTableViewCell.swift */; };
		4566F096236E11B000A04C75 /* PatientTableHeaderView.swift in Sources */ = {isa = PBXBuildFile; fileRef = 4566F094236E11B000A04C75 /* PatientTableHeaderView.swift */; };
		4566F099236E12A600A04C75 /* PatientTableViewCell.swift in Sources */ = {isa = PBXBuildFile; fileRef = 4566F098236E12A600A04C75 /* PatientTableViewCell.swift */; };
		4566F0A1236E46FF00A04C75 /* PatientMapViewController.swift in Sources */ = {isa = PBXBuildFile; fileRef = 4566F0A0236E46FF00A04C75 /* PatientMapViewController.swift */; };
		456B7C0C24DBB4BC00E42EB8 /* FormButton.swift in Sources */ = {isa = PBXBuildFile; fileRef = 456B7C0B24DBB4BC00E42EB8 /* FormButton.swift */; };
		4572BA8D237DD4BB00958A77 /* CameraHelper.swift in Sources */ = {isa = PBXBuildFile; fileRef = 4572BA8C237DD4BB00958A77 /* CameraHelper.swift */; };
		4572BA8F237DE45400958A77 /* URL+Extensions.swift in Sources */ = {isa = PBXBuildFile; fileRef = 4572BA8E237DE45400958A77 /* URL+Extensions.swift */; };
		458D1C8924283672003C7C85 /* DropdownButton.swift in Sources */ = {isa = PBXBuildFile; fileRef = 458D1C8824283672003C7C85 /* DropdownButton.swift */; };
		45A3F14424203EEB009D6818 /* UIImage+Extensions.swift in Sources */ = {isa = PBXBuildFile; fileRef = 45A3F14324203EEB009D6818 /* UIImage+Extensions.swift */; };
		45ACBDC8237E718600C99EBB /* AppCache.swift in Sources */ = {isa = PBXBuildFile; fileRef = 45ACBDC7237E718600C99EBB /* AppCache.swift */; };
		45ACBDCA237E75ED00C99EBB /* AudioHelper.swift in Sources */ = {isa = PBXBuildFile; fileRef = 45ACBDC9237E75ED00C99EBB /* AudioHelper.swift */; };
		45ACBDCC237FA4A200C99EBB /* PatientsMapViewController.swift in Sources */ = {isa = PBXBuildFile; fileRef = 45ACBDCB237FA4A200C99EBB /* PatientsMapViewController.swift */; };
		45B7A2D82508330700BCAAAE /* City.swift in Sources */ = {isa = PBXBuildFile; fileRef = 45B7A2D72508330600BCAAAE /* City.swift */; };
		45B7A2DA2508331500BCAAAE /* State.swift in Sources */ = {isa = PBXBuildFile; fileRef = 45B7A2D92508331500BCAAAE /* State.swift */; };
		45B7A2DC250E970200BCAAAE /* BaseNonSceneViewController.swift in Sources */ = {isa = PBXBuildFile; fileRef = 45B7A2DB250E970200BCAAAE /* BaseNonSceneViewController.swift */; };
		45B7A2DE250E9A7E00BCAAAE /* SceneTabBarController.swift in Sources */ = {isa = PBXBuildFile; fileRef = 45B7A2DD250E9A7E00BCAAAE /* SceneTabBarController.swift */; };
		45B7A2E0250E9EFD00BCAAAE /* ActiveScenesView.swift in Sources */ = {isa = PBXBuildFile; fileRef = 45B7A2DF250E9EFD00BCAAAE /* ActiveScenesView.swift */; };
		45B7A2E2250EE11300BCAAAE /* ActiveSceneView.swift in Sources */ = {isa = PBXBuildFile; fileRef = 45B7A2E1250EE11300BCAAAE /* ActiveSceneView.swift */; };
		45B7A2E4250EE7D000BCAAAE /* DateFormatter+Extensions.swift in Sources */ = {isa = PBXBuildFile; fileRef = 45B7A2E3250EE7D000BCAAAE /* DateFormatter+Extensions.swift */; };
		45B7A2E6250EFFB100BCAAAE /* GMSMarker+Extensions.swift in Sources */ = {isa = PBXBuildFile; fileRef = 45B7A2E5250EFFB100BCAAAE /* GMSMarker+Extensions.swift */; };
		45B7A2E9250F2AAC00BCAAAE /* AlertViewController.swift in Sources */ = {isa = PBXBuildFile; fileRef = 45B7A2E7250F2AAC00BCAAAE /* AlertViewController.swift */; };
		45B7A2EA250F2AAC00BCAAAE /* AlertViewController.xib in Resources */ = {isa = PBXBuildFile; fileRef = 45B7A2E8250F2AAC00BCAAAE /* AlertViewController.xib */; };
		45B7A2EE250F3E7800BCAAAE /* SceneSummaryViewController.swift in Sources */ = {isa = PBXBuildFile; fileRef = 45B7A2ED250F3E7800BCAAAE /* SceneSummaryViewController.swift */; };
		45B7A2F025101DD400BCAAAE /* SceneSummaryHeaderView.swift in Sources */ = {isa = PBXBuildFile; fileRef = 45B7A2EF25101DD400BCAAAE /* SceneSummaryHeaderView.swift */; };
		45B7A2F2251038D200BCAAAE /* PatientsCollectionViewCell.swift in Sources */ = {isa = PBXBuildFile; fileRef = 45B7A2F1251038D200BCAAAE /* PatientsCollectionViewCell.swift */; };
		45BA942D2501C6A60098E9BD /* SceneLocationView.swift in Sources */ = {isa = PBXBuildFile; fileRef = 45BA942C2501C6A60098E9BD /* SceneLocationView.swift */; };
		45BA942F2502BE2B0098E9BD /* BaseField.swift in Sources */ = {isa = PBXBuildFile; fileRef = 45BA942E2502BE2B0098E9BD /* BaseField.swift */; };
		45BA94312502C17F0098E9BD /* FormMultilineField.swift in Sources */ = {isa = PBXBuildFile; fileRef = 45BA94302502C17F0098E9BD /* FormMultilineField.swift */; };
		45E267502418AFAD0010CDE9 /* TextField.swift in Sources */ = {isa = PBXBuildFile; fileRef = 45E2674F2418AFAD0010CDE9 /* TextField.swift */; };
		45E267522418B2510010CDE9 /* Button.swift in Sources */ = {isa = PBXBuildFile; fileRef = 45E267512418B2510010CDE9 /* Button.swift */; };
		45E267542418B3A70010CDE9 /* UIColor+Extensions.swift in Sources */ = {isa = PBXBuildFile; fileRef = 45E267532418B3A70010CDE9 /* UIColor+Extensions.swift */; };
		45E2675824196E5C0010CDE9 /* NavigationController.swift in Sources */ = {isa = PBXBuildFile; fileRef = 45E2675724196E5C0010CDE9 /* NavigationController.swift */; };
		45E35A3224ECE7CA005A8059 /* UILabel+Extensions.swift in Sources */ = {isa = PBXBuildFile; fileRef = 45E35A3124ECE7CA005A8059 /* UILabel+Extensions.swift */; };
		45E35A3424EF8E8B005A8059 /* FacilityView.swift in Sources */ = {isa = PBXBuildFile; fileRef = 45E35A3324EF8E8B005A8059 /* FacilityView.swift */; };
		45E35A3624EF9ECC005A8059 /* ConfirmTransportViewController.swift in Sources */ = {isa = PBXBuildFile; fileRef = 45E35A3524EF9ECC005A8059 /* ConfirmTransportViewController.swift */; };
		45E35A3824F06A8E005A8059 /* RecordButton.swift in Sources */ = {isa = PBXBuildFile; fileRef = 45E35A3724F06A8E005A8059 /* RecordButton.swift */; };
		45E35A3A24F09B1E005A8059 /* RecordingViewController.swift in Sources */ = {isa = PBXBuildFile; fileRef = 45E35A3924F09B1E005A8059 /* RecordingViewController.swift */; };
		45E35A3C24F09B84005A8059 /* UIButton+Extensions.swift in Sources */ = {isa = PBXBuildFile; fileRef = 45E35A3B24F09B84005A8059 /* UIButton+Extensions.swift */; };
		45E35A3F24FDD9F9005A8059 /* Scenes.storyboard in Resources */ = {isa = PBXBuildFile; fileRef = 45E35A3E24FDD9F9005A8059 /* Scenes.storyboard */; };
		45E5BEEE2425DA010013D78D /* TableViewHeaderView.swift in Sources */ = {isa = PBXBuildFile; fileRef = 45E5BEED2425DA010013D78D /* TableViewHeaderView.swift */; };
		45F218FA24E206330046A39B /* PatientViewController.swift in Sources */ = {isa = PBXBuildFile; fileRef = 45F218F924E206330046A39B /* PatientViewController.swift */; };
		45F218FC24E371660046A39B /* LocationTableViewCell.swift in Sources */ = {isa = PBXBuildFile; fileRef = 45F218FB24E371660046A39B /* LocationTableViewCell.swift */; };
		45F218FE24E5BB510046A39B /* PatientTableViewController.swift in Sources */ = {isa = PBXBuildFile; fileRef = 45F218FD24E5BB510046A39B /* PatientTableViewController.swift */; };
		45F2190024E5D7B50046A39B /* ObservationTableViewController.swift in Sources */ = {isa = PBXBuildFile; fileRef = 45F218FF24E5D7B50046A39B /* ObservationTableViewController.swift */; };
		45F2190224E5EC640046A39B /* Localizable.swift in Sources */ = {isa = PBXBuildFile; fileRef = 45F2190124E5EC640046A39B /* Localizable.swift */; };
		45F2190424E5ECC10046A39B /* String+Extensions.swift in Sources */ = {isa = PBXBuildFile; fileRef = 45F2190324E5ECC10046A39B /* String+Extensions.swift */; };
		45F2190624E5ED100046A39B /* UIBarButtonItem+Extensions.swift in Sources */ = {isa = PBXBuildFile; fileRef = 45F2190524E5ED100046A39B /* UIBarButtonItem+Extensions.swift */; };
		45FD73E7243151C200FD7EDB /* ObservationView.swift in Sources */ = {isa = PBXBuildFile; fileRef = 45FD73E6243151C200FD7EDB /* ObservationView.swift */; };
		45FD73EC243158B900FD7EDB /* ObservationTableViewCell.swift in Sources */ = {isa = PBXBuildFile; fileRef = 45FD73EA243158B900FD7EDB /* ObservationTableViewCell.swift */; };
		4CC3A1A3FD35CD37D5383F70 /* Pods_TriageTests.framework in Frameworks */ = {isa = PBXBuildFile; fileRef = E594164AB6C3CA01C6206DB5 /* Pods_TriageTests.framework */; };
		6B845CFDAEE065F78D1056DB /* Pods_Triage.framework in Frameworks */ = {isa = PBXBuildFile; fileRef = E3810588230AB5FE9D4DB0F2 /* Pods_Triage.framework */; };
/* End PBXBuildFile section */

/* Begin PBXContainerItemProxy section */
		4566F033236CCC5700A04C75 /* PBXContainerItemProxy */ = {
			isa = PBXContainerItemProxy;
			containerPortal = 4566F014236CCC5500A04C75 /* Project object */;
			proxyType = 1;
			remoteGlobalIDString = 4566F01B236CCC5500A04C75;
			remoteInfo = Triage;
		};
		4566F03E236CCC5700A04C75 /* PBXContainerItemProxy */ = {
			isa = PBXContainerItemProxy;
			containerPortal = 4566F014236CCC5500A04C75 /* Project object */;
			proxyType = 1;
			remoteGlobalIDString = 4566F01B236CCC5500A04C75;
			remoteInfo = Triage;
		};
/* End PBXContainerItemProxy section */

/* Begin PBXFileReference section */
		2A36731B85C534CB922753FF /* Pods-TriageUITests.release.xcconfig */ = {isa = PBXFileReference; includeInIndex = 1; lastKnownFileType = text.xcconfig; name = "Pods-TriageUITests.release.xcconfig"; path = "Target Support Files/Pods-TriageUITests/Pods-TriageUITests.release.xcconfig"; sourceTree = "<group>"; };
		450A977D24DCAC7A007BCDD3 /* TabBar.swift */ = {isa = PBXFileReference; lastKnownFileType = sourcecode.swift; path = TabBar.swift; sourceTree = "<group>"; };
		452DDBC6243CF3F000A8F1FF /* Agency.swift */ = {isa = PBXFileReference; lastKnownFileType = sourcecode.swift; path = Agency.swift; sourceTree = "<group>"; };
		452DDBC8243CF40600A8F1FF /* Facility.swift */ = {isa = PBXFileReference; lastKnownFileType = sourcecode.swift; path = Facility.swift; sourceTree = "<group>"; };
		452DDBCA243D22D000A8F1FF /* FacilitiesTableViewController.swift */ = {isa = PBXFileReference; lastKnownFileType = sourcecode.swift; path = FacilitiesTableViewController.swift; sourceTree = "<group>"; };
		452DDBCC243D22E300A8F1FF /* AgenciesTableViewController.swift */ = {isa = PBXFileReference; lastKnownFileType = sourcecode.swift; path = AgenciesTableViewController.swift; sourceTree = "<group>"; };
		452DDBCE243D341900A8F1FF /* FacilityTableViewCell.swift */ = {isa = PBXFileReference; lastKnownFileType = sourcecode.swift; path = FacilityTableViewCell.swift; sourceTree = "<group>"; };
		452DDBD2243D628200A8F1FF /* Double+Extensions.swift */ = {isa = PBXFileReference; lastKnownFileType = sourcecode.swift; path = "Double+Extensions.swift"; sourceTree = "<group>"; };
		452DDBD9243D819500A8F1FF /* SelectorView.swift */ = {isa = PBXFileReference; fileEncoding = 4; lastKnownFileType = sourcecode.swift; path = SelectorView.swift; sourceTree = "<group>"; };
		453877BC236FA47300E19880 /* NonSceneTabBarController.swift */ = {isa = PBXFileReference; lastKnownFileType = sourcecode.swift; path = NonSceneTabBarController.swift; sourceTree = "<group>"; };
		4538CE34242098B300E276A4 /* RelativeDateTimeFormatter+Extensions.swift */ = {isa = PBXFileReference; lastKnownFileType = sourcecode.swift; path = "RelativeDateTimeFormatter+Extensions.swift"; sourceTree = "<group>"; };
		4538CE362420992B00E276A4 /* Date+Extensions.swift */ = {isa = PBXFileReference; lastKnownFileType = sourcecode.swift; path = "Date+Extensions.swift"; sourceTree = "<group>"; };
		454096A724452CEA00AEE53E /* AppSettings.swift */ = {isa = PBXFileReference; lastKnownFileType = sourcecode.swift; path = AppSettings.swift; sourceTree = "<group>"; };
		4543DD4B24DDE62100F9E50B /* TabBarController.swift */ = {isa = PBXFileReference; lastKnownFileType = sourcecode.swift; path = TabBarController.swift; sourceTree = "<group>"; };
		4543DD4D24DE20B100F9E50B /* NavigationBar.swift */ = {isa = PBXFileReference; lastKnownFileType = sourcecode.swift; path = NavigationBar.swift; sourceTree = "<group>"; };
		454E17AB24FECBF800F9EB8B /* PreviousScenesViewController.swift */ = {isa = PBXFileReference; lastKnownFileType = sourcecode.swift; path = PreviousScenesViewController.swift; sourceTree = "<group>"; };
		454E17AD24FECC1B00F9EB8B /* NewSceneViewController.swift */ = {isa = PBXFileReference; lastKnownFileType = sourcecode.swift; path = NewSceneViewController.swift; sourceTree = "<group>"; };
		454E17AF24FECD8800F9EB8B /* BannerView.swift */ = {isa = PBXFileReference; lastKnownFileType = sourcecode.swift; path = BannerView.swift; sourceTree = "<group>"; };
		454E17B124FF159C00F9EB8B /* Scene.swift */ = {isa = PBXFileReference; lastKnownFileType = sourcecode.swift; path = Scene.swift; sourceTree = "<group>"; };
		454E17B424FF29B500F9EB8B /* SceneTableViewCell.swift */ = {isa = PBXFileReference; lastKnownFileType = sourcecode.swift; path = SceneTableViewCell.swift; sourceTree = "<group>"; };
		454E17B624FFF5BF00F9EB8B /* User.swift */ = {isa = PBXFileReference; lastKnownFileType = sourcecode.swift; path = User.swift; sourceTree = "<group>"; };
		454E17B824FFF5C900F9EB8B /* Responder.swift */ = {isa = PBXFileReference; lastKnownFileType = sourcecode.swift; path = Responder.swift; sourceTree = "<group>"; };
		454E17BA24FFF5FB00F9EB8B /* SceneOverviewViewController.swift */ = {isa = PBXFileReference; lastKnownFileType = sourcecode.swift; path = SceneOverviewViewController.swift; sourceTree = "<group>"; };
		454E17BC250022C700F9EB8B /* SceneHeaderView.swift */ = {isa = PBXFileReference; lastKnownFileType = sourcecode.swift; path = SceneHeaderView.swift; sourceTree = "<group>"; };
		454E17BE250022E000F9EB8B /* ScenePatientsView.swift */ = {isa = PBXFileReference; lastKnownFileType = sourcecode.swift; path = ScenePatientsView.swift; sourceTree = "<group>"; };
		454E17C0250022ED00F9EB8B /* SceneRespondersView.swift */ = {isa = PBXFileReference; lastKnownFileType = sourcecode.swift; path = SceneRespondersView.swift; sourceTree = "<group>"; };
		45515A2E24DE26AB007BAE09 /* SearchBar.swift */ = {isa = PBXFileReference; lastKnownFileType = sourcecode.swift; path = SearchBar.swift; sourceTree = "<group>"; };
		45515A3024DF682A007BAE09 /* SortBar.swift */ = {isa = PBXFileReference; lastKnownFileType = sourcecode.swift; path = SortBar.swift; sourceTree = "<group>"; };
		4563C73E24DA6FB100217901 /* Barlow-SemiBold.ttf */ = {isa = PBXFileReference; lastKnownFileType = file; path = "Barlow-SemiBold.ttf"; sourceTree = "<group>"; };
		4563C73F24DA6FB100217901 /* Barlow-Regular.ttf */ = {isa = PBXFileReference; lastKnownFileType = file; path = "Barlow-Regular.ttf"; sourceTree = "<group>"; };
		4563C74224DA763700217901 /* FormField.swift */ = {isa = PBXFileReference; lastKnownFileType = sourcecode.swift; path = FormField.swift; sourceTree = "<group>"; };
		4563C74624DB7B3500217901 /* UIFont+Extensions.swift */ = {isa = PBXFileReference; lastKnownFileType = sourcecode.swift; path = "UIFont+Extensions.swift"; sourceTree = "<group>"; };
		4566F01C236CCC5500A04C75 /* Peak Response.app */ = {isa = PBXFileReference; explicitFileType = wrapper.application; includeInIndex = 0; path = "Peak Response.app"; sourceTree = BUILT_PRODUCTS_DIR; };
		4566F01F236CCC5500A04C75 /* AppDelegate.swift */ = {isa = PBXFileReference; lastKnownFileType = sourcecode.swift; path = AppDelegate.swift; sourceTree = "<group>"; };
		4566F026236CCC5500A04C75 /* Base */ = {isa = PBXFileReference; lastKnownFileType = file.storyboard; name = Base; path = Base.lproj/Main.storyboard; sourceTree = "<group>"; };
		4566F028236CCC5700A04C75 /* Assets.xcassets */ = {isa = PBXFileReference; lastKnownFileType = folder.assetcatalog; path = Assets.xcassets; sourceTree = "<group>"; };
		4566F02B236CCC5700A04C75 /* Base */ = {isa = PBXFileReference; lastKnownFileType = file.storyboard; name = Base; path = Base.lproj/LaunchScreen.storyboard; sourceTree = "<group>"; };
		4566F02D236CCC5700A04C75 /* Info.plist */ = {isa = PBXFileReference; lastKnownFileType = text.plist.xml; path = Info.plist; sourceTree = "<group>"; };
		4566F032236CCC5700A04C75 /* TriageTests.xctest */ = {isa = PBXFileReference; explicitFileType = wrapper.cfbundle; includeInIndex = 0; path = TriageTests.xctest; sourceTree = BUILT_PRODUCTS_DIR; };
		4566F038236CCC5700A04C75 /* Info.plist */ = {isa = PBXFileReference; lastKnownFileType = text.plist.xml; path = Info.plist; sourceTree = "<group>"; };
		4566F03D236CCC5700A04C75 /* TriageUITests.xctest */ = {isa = PBXFileReference; explicitFileType = wrapper.cfbundle; includeInIndex = 0; path = TriageUITests.xctest; sourceTree = BUILT_PRODUCTS_DIR; };
		4566F041236CCC5700A04C75 /* TriageUITests.swift */ = {isa = PBXFileReference; lastKnownFileType = sourcecode.swift; path = TriageUITests.swift; sourceTree = "<group>"; };
		4566F043236CCC5700A04C75 /* Info.plist */ = {isa = PBXFileReference; lastKnownFileType = text.plist.xml; path = Info.plist; sourceTree = "<group>"; };
		4566F052236CD05200A04C75 /* Login.storyboard */ = {isa = PBXFileReference; lastKnownFileType = file.storyboard; path = Login.storyboard; sourceTree = "<group>"; };
		4566F054236CD0C100A04C75 /* LoginViewController.swift */ = {isa = PBXFileReference; lastKnownFileType = sourcecode.swift; path = LoginViewController.swift; sourceTree = "<group>"; };
		4566F057236CD1EE00A04C75 /* Patients.storyboard */ = {isa = PBXFileReference; lastKnownFileType = file.storyboard; path = Patients.storyboard; sourceTree = "<group>"; };
		4566F059236CD26900A04C75 /* PatientsCollectionViewController.swift */ = {isa = PBXFileReference; lastKnownFileType = sourcecode.swift; path = PatientsCollectionViewController.swift; sourceTree = "<group>"; };
		4566F05B236CD2DB00A04C75 /* ApiClient.swift */ = {isa = PBXFileReference; lastKnownFileType = sourcecode.swift; path = ApiClient.swift; sourceTree = "<group>"; };
		4566F05E236CD57400A04C75 /* UIViewController+Extensions.swift */ = {isa = PBXFileReference; lastKnownFileType = sourcecode.swift; path = "UIViewController+Extensions.swift"; sourceTree = "<group>"; };
		4566F062236CE18E00A04C75 /* Patient.swift */ = {isa = PBXFileReference; lastKnownFileType = sourcecode.swift; path = Patient.swift; sourceTree = "<group>"; };
		4566F064236CE3B500A04C75 /* Base.swift */ = {isa = PBXFileReference; lastKnownFileType = sourcecode.swift; path = Base.swift; sourceTree = "<group>"; };
		4566F066236CE6D700A04C75 /* ISO8601DateFormatter+Extensions.swift */ = {isa = PBXFileReference; lastKnownFileType = sourcecode.swift; path = "ISO8601DateFormatter+Extensions.swift"; sourceTree = "<group>"; };
		4566F068236CE82A00A04C75 /* AppRealm.swift */ = {isa = PBXFileReference; lastKnownFileType = sourcecode.swift; path = AppRealm.swift; sourceTree = "<group>"; };
		4566F06A236CE8A800A04C75 /* PatientTests.swift */ = {isa = PBXFileReference; lastKnownFileType = sourcecode.swift; path = PatientTests.swift; sourceTree = "<group>"; };
		4566F06E236D2EBF00A04C75 /* PatientView.swift */ = {isa = PBXFileReference; fileEncoding = 4; lastKnownFileType = sourcecode.swift; path = PatientView.swift; sourceTree = "<group>"; };
		4566F070236D2F1B00A04C75 /* PatientView.xib */ = {isa = PBXFileReference; lastKnownFileType = file.xib; path = PatientView.xib; sourceTree = "<group>"; };
		4566F072236D2FB100A04C75 /* UIView+Extensions.swift */ = {isa = PBXFileReference; lastKnownFileType = sourcecode.swift; path = "UIView+Extensions.swift"; sourceTree = "<group>"; };
		4566F076236D450400A04C75 /* Localizable.strings */ = {isa = PBXFileReference; lastKnownFileType = text.plist.strings; path = Localizable.strings; sourceTree = "<group>"; };
		4566F079236D486B00A04C75 /* RoundImageView.swift */ = {isa = PBXFileReference; lastKnownFileType = sourcecode.swift; path = RoundImageView.swift; sourceTree = "<group>"; };
		4566F07B236D4AC600A04C75 /* HorizontalRuleView.swift */ = {isa = PBXFileReference; lastKnownFileType = sourcecode.swift; path = HorizontalRuleView.swift; sourceTree = "<group>"; };
		4566F07D236D57FA00A04C75 /* PriorityView.swift */ = {isa = PBXFileReference; lastKnownFileType = sourcecode.swift; path = PriorityView.swift; sourceTree = "<group>"; };
		4566F081236DE94400A04C75 /* ScanViewController.swift */ = {isa = PBXFileReference; lastKnownFileType = sourcecode.swift; path = ScanViewController.swift; sourceTree = "<group>"; };
		4566F087236E0A5800A04C75 /* ObservationViewController.swift */ = {isa = PBXFileReference; lastKnownFileType = sourcecode.swift; path = ObservationViewController.swift; sourceTree = "<group>"; };
		4566F089236E0C8200A04C75 /* Observation.swift */ = {isa = PBXFileReference; lastKnownFileType = sourcecode.swift; path = Observation.swift; sourceTree = "<group>"; };
		4566F08C236E117300A04C75 /* AttributeTableViewCell.swift */ = {isa = PBXFileReference; lastKnownFileType = sourcecode.swift; path = AttributeTableViewCell.swift; sourceTree = "<group>"; };
		4566F094236E11B000A04C75 /* PatientTableHeaderView.swift */ = {isa = PBXFileReference; lastKnownFileType = sourcecode.swift; path = PatientTableHeaderView.swift; sourceTree = "<group>"; };
		4566F098236E12A600A04C75 /* PatientTableViewCell.swift */ = {isa = PBXFileReference; lastKnownFileType = sourcecode.swift; path = PatientTableViewCell.swift; sourceTree = "<group>"; };
		4566F0A0236E46FF00A04C75 /* PatientMapViewController.swift */ = {isa = PBXFileReference; fileEncoding = 4; lastKnownFileType = sourcecode.swift; path = PatientMapViewController.swift; sourceTree = "<group>"; };
		456B7C0B24DBB4BC00E42EB8 /* FormButton.swift */ = {isa = PBXFileReference; lastKnownFileType = sourcecode.swift; path = FormButton.swift; sourceTree = "<group>"; };
		4572BA8C237DD4BB00958A77 /* CameraHelper.swift */ = {isa = PBXFileReference; lastKnownFileType = sourcecode.swift; path = CameraHelper.swift; sourceTree = "<group>"; };
		4572BA8E237DE45400958A77 /* URL+Extensions.swift */ = {isa = PBXFileReference; lastKnownFileType = sourcecode.swift; path = "URL+Extensions.swift"; sourceTree = "<group>"; };
		458D1C8824283672003C7C85 /* DropdownButton.swift */ = {isa = PBXFileReference; lastKnownFileType = sourcecode.swift; path = DropdownButton.swift; sourceTree = "<group>"; };
		45A3F14324203EEB009D6818 /* UIImage+Extensions.swift */ = {isa = PBXFileReference; lastKnownFileType = sourcecode.swift; path = "UIImage+Extensions.swift"; sourceTree = "<group>"; };
		45ACBDC7237E718600C99EBB /* AppCache.swift */ = {isa = PBXFileReference; lastKnownFileType = sourcecode.swift; path = AppCache.swift; sourceTree = "<group>"; };
		45ACBDC9237E75ED00C99EBB /* AudioHelper.swift */ = {isa = PBXFileReference; lastKnownFileType = sourcecode.swift; path = AudioHelper.swift; sourceTree = "<group>"; };
		45ACBDCB237FA4A200C99EBB /* PatientsMapViewController.swift */ = {isa = PBXFileReference; lastKnownFileType = sourcecode.swift; path = PatientsMapViewController.swift; sourceTree = "<group>"; };
		45B7A2D72508330600BCAAAE /* City.swift */ = {isa = PBXFileReference; lastKnownFileType = sourcecode.swift; path = City.swift; sourceTree = "<group>"; };
		45B7A2D92508331500BCAAAE /* State.swift */ = {isa = PBXFileReference; lastKnownFileType = sourcecode.swift; path = State.swift; sourceTree = "<group>"; };
		45B7A2DB250E970200BCAAAE /* BaseNonSceneViewController.swift */ = {isa = PBXFileReference; lastKnownFileType = sourcecode.swift; path = BaseNonSceneViewController.swift; sourceTree = "<group>"; };
		45B7A2DD250E9A7E00BCAAAE /* SceneTabBarController.swift */ = {isa = PBXFileReference; lastKnownFileType = sourcecode.swift; path = SceneTabBarController.swift; sourceTree = "<group>"; };
		45B7A2DF250E9EFD00BCAAAE /* ActiveScenesView.swift */ = {isa = PBXFileReference; lastKnownFileType = sourcecode.swift; path = ActiveScenesView.swift; sourceTree = "<group>"; };
		45B7A2E1250EE11300BCAAAE /* ActiveSceneView.swift */ = {isa = PBXFileReference; lastKnownFileType = sourcecode.swift; path = ActiveSceneView.swift; sourceTree = "<group>"; };
		45B7A2E3250EE7D000BCAAAE /* DateFormatter+Extensions.swift */ = {isa = PBXFileReference; lastKnownFileType = sourcecode.swift; path = "DateFormatter+Extensions.swift"; sourceTree = "<group>"; };
		45B7A2E5250EFFB100BCAAAE /* GMSMarker+Extensions.swift */ = {isa = PBXFileReference; lastKnownFileType = sourcecode.swift; path = "GMSMarker+Extensions.swift"; sourceTree = "<group>"; };
		45B7A2E7250F2AAC00BCAAAE /* AlertViewController.swift */ = {isa = PBXFileReference; lastKnownFileType = sourcecode.swift; path = AlertViewController.swift; sourceTree = "<group>"; };
		45B7A2E8250F2AAC00BCAAAE /* AlertViewController.xib */ = {isa = PBXFileReference; lastKnownFileType = file.xib; path = AlertViewController.xib; sourceTree = "<group>"; };
		45B7A2ED250F3E7800BCAAAE /* SceneSummaryViewController.swift */ = {isa = PBXFileReference; lastKnownFileType = sourcecode.swift; path = SceneSummaryViewController.swift; sourceTree = "<group>"; };
		45B7A2EF25101DD400BCAAAE /* SceneSummaryHeaderView.swift */ = {isa = PBXFileReference; lastKnownFileType = sourcecode.swift; path = SceneSummaryHeaderView.swift; sourceTree = "<group>"; };
		45B7A2F1251038D200BCAAAE /* PatientsCollectionViewCell.swift */ = {isa = PBXFileReference; lastKnownFileType = sourcecode.swift; path = PatientsCollectionViewCell.swift; sourceTree = "<group>"; };
		45BA942C2501C6A60098E9BD /* SceneLocationView.swift */ = {isa = PBXFileReference; lastKnownFileType = sourcecode.swift; path = SceneLocationView.swift; sourceTree = "<group>"; };
		45BA942E2502BE2B0098E9BD /* BaseField.swift */ = {isa = PBXFileReference; lastKnownFileType = sourcecode.swift; path = BaseField.swift; sourceTree = "<group>"; };
		45BA94302502C17F0098E9BD /* FormMultilineField.swift */ = {isa = PBXFileReference; lastKnownFileType = sourcecode.swift; path = FormMultilineField.swift; sourceTree = "<group>"; };
		45E2674F2418AFAD0010CDE9 /* TextField.swift */ = {isa = PBXFileReference; lastKnownFileType = sourcecode.swift; path = TextField.swift; sourceTree = "<group>"; };
		45E267512418B2510010CDE9 /* Button.swift */ = {isa = PBXFileReference; lastKnownFileType = sourcecode.swift; path = Button.swift; sourceTree = "<group>"; };
		45E267532418B3A70010CDE9 /* UIColor+Extensions.swift */ = {isa = PBXFileReference; lastKnownFileType = sourcecode.swift; path = "UIColor+Extensions.swift"; sourceTree = "<group>"; };
		45E2675724196E5C0010CDE9 /* NavigationController.swift */ = {isa = PBXFileReference; lastKnownFileType = sourcecode.swift; path = NavigationController.swift; sourceTree = "<group>"; };
		45E35A3124ECE7CA005A8059 /* UILabel+Extensions.swift */ = {isa = PBXFileReference; lastKnownFileType = sourcecode.swift; path = "UILabel+Extensions.swift"; sourceTree = "<group>"; };
		45E35A3324EF8E8B005A8059 /* FacilityView.swift */ = {isa = PBXFileReference; lastKnownFileType = sourcecode.swift; path = FacilityView.swift; sourceTree = "<group>"; };
		45E35A3524EF9ECC005A8059 /* ConfirmTransportViewController.swift */ = {isa = PBXFileReference; lastKnownFileType = sourcecode.swift; path = ConfirmTransportViewController.swift; sourceTree = "<group>"; };
		45E35A3724F06A8E005A8059 /* RecordButton.swift */ = {isa = PBXFileReference; lastKnownFileType = sourcecode.swift; path = RecordButton.swift; sourceTree = "<group>"; };
		45E35A3924F09B1E005A8059 /* RecordingViewController.swift */ = {isa = PBXFileReference; lastKnownFileType = sourcecode.swift; path = RecordingViewController.swift; sourceTree = "<group>"; };
		45E35A3B24F09B84005A8059 /* UIButton+Extensions.swift */ = {isa = PBXFileReference; lastKnownFileType = sourcecode.swift; path = "UIButton+Extensions.swift"; sourceTree = "<group>"; };
		45E35A3E24FDD9F9005A8059 /* Scenes.storyboard */ = {isa = PBXFileReference; lastKnownFileType = file.storyboard; path = Scenes.storyboard; sourceTree = "<group>"; };
		45E5BEED2425DA010013D78D /* TableViewHeaderView.swift */ = {isa = PBXFileReference; lastKnownFileType = sourcecode.swift; path = TableViewHeaderView.swift; sourceTree = "<group>"; };
		45F218F924E206330046A39B /* PatientViewController.swift */ = {isa = PBXFileReference; lastKnownFileType = sourcecode.swift; path = PatientViewController.swift; sourceTree = "<group>"; };
		45F218FB24E371660046A39B /* LocationTableViewCell.swift */ = {isa = PBXFileReference; lastKnownFileType = sourcecode.swift; path = LocationTableViewCell.swift; sourceTree = "<group>"; };
		45F218FD24E5BB510046A39B /* PatientTableViewController.swift */ = {isa = PBXFileReference; lastKnownFileType = sourcecode.swift; path = PatientTableViewController.swift; sourceTree = "<group>"; };
		45F218FF24E5D7B50046A39B /* ObservationTableViewController.swift */ = {isa = PBXFileReference; lastKnownFileType = sourcecode.swift; path = ObservationTableViewController.swift; sourceTree = "<group>"; };
		45F2190124E5EC640046A39B /* Localizable.swift */ = {isa = PBXFileReference; lastKnownFileType = sourcecode.swift; path = Localizable.swift; sourceTree = "<group>"; };
		45F2190324E5ECC10046A39B /* String+Extensions.swift */ = {isa = PBXFileReference; lastKnownFileType = sourcecode.swift; path = "String+Extensions.swift"; sourceTree = "<group>"; };
		45F2190524E5ED100046A39B /* UIBarButtonItem+Extensions.swift */ = {isa = PBXFileReference; lastKnownFileType = sourcecode.swift; path = "UIBarButtonItem+Extensions.swift"; sourceTree = "<group>"; };
		45FD73E6243151C200FD7EDB /* ObservationView.swift */ = {isa = PBXFileReference; lastKnownFileType = sourcecode.swift; path = ObservationView.swift; sourceTree = "<group>"; };
		45FD73EA243158B900FD7EDB /* ObservationTableViewCell.swift */ = {isa = PBXFileReference; lastKnownFileType = sourcecode.swift; path = ObservationTableViewCell.swift; sourceTree = "<group>"; };
		857F9B5CBD4C8C73020A114C /* Pods-TriageTests.debug.xcconfig */ = {isa = PBXFileReference; includeInIndex = 1; lastKnownFileType = text.xcconfig; name = "Pods-TriageTests.debug.xcconfig"; path = "Target Support Files/Pods-TriageTests/Pods-TriageTests.debug.xcconfig"; sourceTree = "<group>"; };
		A424B49324530AC28FF6F532 /* Pods_TriageUITests.framework */ = {isa = PBXFileReference; explicitFileType = wrapper.framework; includeInIndex = 0; path = Pods_TriageUITests.framework; sourceTree = BUILT_PRODUCTS_DIR; };
		A608A45BFFA66C538FB6DCB4 /* Pods-TriageUITests.debug.xcconfig */ = {isa = PBXFileReference; includeInIndex = 1; lastKnownFileType = text.xcconfig; name = "Pods-TriageUITests.debug.xcconfig"; path = "Target Support Files/Pods-TriageUITests/Pods-TriageUITests.debug.xcconfig"; sourceTree = "<group>"; };
		BCA45DA419B537F52EAD6F80 /* Pods-TriageTests.release.xcconfig */ = {isa = PBXFileReference; includeInIndex = 1; lastKnownFileType = text.xcconfig; name = "Pods-TriageTests.release.xcconfig"; path = "Target Support Files/Pods-TriageTests/Pods-TriageTests.release.xcconfig"; sourceTree = "<group>"; };
		C31BB00434B5BEE305700641 /* Pods-Triage.release.xcconfig */ = {isa = PBXFileReference; includeInIndex = 1; lastKnownFileType = text.xcconfig; name = "Pods-Triage.release.xcconfig"; path = "Target Support Files/Pods-Triage/Pods-Triage.release.xcconfig"; sourceTree = "<group>"; };
		E3810588230AB5FE9D4DB0F2 /* Pods_Triage.framework */ = {isa = PBXFileReference; explicitFileType = wrapper.framework; includeInIndex = 0; path = Pods_Triage.framework; sourceTree = BUILT_PRODUCTS_DIR; };
		E594164AB6C3CA01C6206DB5 /* Pods_TriageTests.framework */ = {isa = PBXFileReference; explicitFileType = wrapper.framework; includeInIndex = 0; path = Pods_TriageTests.framework; sourceTree = BUILT_PRODUCTS_DIR; };
		EB9B52A9CC415024CE0FAB77 /* Pods-Triage.debug.xcconfig */ = {isa = PBXFileReference; includeInIndex = 1; lastKnownFileType = text.xcconfig; name = "Pods-Triage.debug.xcconfig"; path = "Target Support Files/Pods-Triage/Pods-Triage.debug.xcconfig"; sourceTree = "<group>"; };
/* End PBXFileReference section */

/* Begin PBXFrameworksBuildPhase section */
		4566F019236CCC5500A04C75 /* Frameworks */ = {
			isa = PBXFrameworksBuildPhase;
			buildActionMask = 2147483647;
			files = (
				6B845CFDAEE065F78D1056DB /* Pods_Triage.framework in Frameworks */,
			);
			runOnlyForDeploymentPostprocessing = 0;
		};
		4566F02F236CCC5700A04C75 /* Frameworks */ = {
			isa = PBXFrameworksBuildPhase;
			buildActionMask = 2147483647;
			files = (
				4CC3A1A3FD35CD37D5383F70 /* Pods_TriageTests.framework in Frameworks */,
			);
			runOnlyForDeploymentPostprocessing = 0;
		};
		4566F03A236CCC5700A04C75 /* Frameworks */ = {
			isa = PBXFrameworksBuildPhase;
			buildActionMask = 2147483647;
			files = (
				392562FB25F0D306D1467603 /* Pods_TriageUITests.framework in Frameworks */,
			);
			runOnlyForDeploymentPostprocessing = 0;
		};
/* End PBXFrameworksBuildPhase section */

/* Begin PBXGroup section */
		3DEFA6913399CD58EDAB2A7F /* Pods */ = {
			isa = PBXGroup;
			children = (
				EB9B52A9CC415024CE0FAB77 /* Pods-Triage.debug.xcconfig */,
				C31BB00434B5BEE305700641 /* Pods-Triage.release.xcconfig */,
				857F9B5CBD4C8C73020A114C /* Pods-TriageTests.debug.xcconfig */,
				BCA45DA419B537F52EAD6F80 /* Pods-TriageTests.release.xcconfig */,
				A608A45BFFA66C538FB6DCB4 /* Pods-TriageUITests.debug.xcconfig */,
				2A36731B85C534CB922753FF /* Pods-TriageUITests.release.xcconfig */,
			);
			path = Pods;
			sourceTree = "<group>";
		};
		454E17B324FF28BF00F9EB8B /* Views */ = {
			isa = PBXGroup;
			children = (
				45B7A2E1250EE11300BCAAAE /* ActiveSceneView.swift */,
				45B7A2DF250E9EFD00BCAAAE /* ActiveScenesView.swift */,
				454E17B424FF29B500F9EB8B /* SceneTableViewCell.swift */,
				454E17BC250022C700F9EB8B /* SceneHeaderView.swift */,
				45BA942C2501C6A60098E9BD /* SceneLocationView.swift */,
				454E17BE250022E000F9EB8B /* ScenePatientsView.swift */,
				454E17C0250022ED00F9EB8B /* SceneRespondersView.swift */,
				45B7A2EF25101DD400BCAAAE /* SceneSummaryHeaderView.swift */,
			);
			path = Views;
			sourceTree = "<group>";
		};
		4566F013236CCC5500A04C75 = {
			isa = PBXGroup;
			children = (
				4566F01E236CCC5500A04C75 /* Triage */,
				4566F035236CCC5700A04C75 /* TriageTests */,
				4566F040236CCC5700A04C75 /* TriageUITests */,
				4566F01D236CCC5500A04C75 /* Products */,
				3DEFA6913399CD58EDAB2A7F /* Pods */,
				90CCACB3DC232FDED43273D4 /* Frameworks */,
			);
			sourceTree = "<group>";
		};
		4566F01D236CCC5500A04C75 /* Products */ = {
			isa = PBXGroup;
			children = (
				4566F01C236CCC5500A04C75 /* Peak Response.app */,
				4566F032236CCC5700A04C75 /* TriageTests.xctest */,
				4566F03D236CCC5700A04C75 /* TriageUITests.xctest */,
			);
			name = Products;
			sourceTree = "<group>";
		};
		4566F01E236CCC5500A04C75 /* Triage */ = {
			isa = PBXGroup;
			children = (
				4566F061236CE17900A04C75 /* Models */,
				4566F05D236CD56200A04C75 /* Extensions */,
				4566F04F236CCF5C00A04C75 /* Login */,
				4566F056236CD1E000A04C75 /* Patients */,
				45E35A3D24FDD836005A8059 /* Scenes */,
				4566F078236D484D00A04C75 /* Views */,
				45ACBDC7237E718600C99EBB /* AppCache.swift */,
				4566F05B236CD2DB00A04C75 /* ApiClient.swift */,
				4566F01F236CCC5500A04C75 /* AppDelegate.swift */,
				4566F068236CE82A00A04C75 /* AppRealm.swift */,
				454096A724452CEA00AEE53E /* AppSettings.swift */,
				45ACBDC9237E75ED00C99EBB /* AudioHelper.swift */,
				4572BA8C237DD4BB00958A77 /* CameraHelper.swift */,
				453877BC236FA47300E19880 /* NonSceneTabBarController.swift */,
				45B7A2DD250E9A7E00BCAAAE /* SceneTabBarController.swift */,
				4566F025236CCC5500A04C75 /* Main.storyboard */,
				4566F028236CCC5700A04C75 /* Assets.xcassets */,
				45E267302418AF340010CDE9 /* Fonts */,
				4566F02A236CCC5700A04C75 /* LaunchScreen.storyboard */,
				4566F02D236CCC5700A04C75 /* Info.plist */,
				4566F076236D450400A04C75 /* Localizable.strings */,
			);
			path = Triage;
			sourceTree = "<group>";
		};
		4566F035236CCC5700A04C75 /* TriageTests */ = {
			isa = PBXGroup;
			children = (
				4566F06A236CE8A800A04C75 /* PatientTests.swift */,
				4566F038236CCC5700A04C75 /* Info.plist */,
			);
			path = TriageTests;
			sourceTree = "<group>";
		};
		4566F040236CCC5700A04C75 /* TriageUITests */ = {
			isa = PBXGroup;
			children = (
				4566F041236CCC5700A04C75 /* TriageUITests.swift */,
				4566F043236CCC5700A04C75 /* Info.plist */,
			);
			path = TriageUITests;
			sourceTree = "<group>";
		};
		4566F04F236CCF5C00A04C75 /* Login */ = {
			isa = PBXGroup;
			children = (
				4566F052236CD05200A04C75 /* Login.storyboard */,
				4566F054236CD0C100A04C75 /* LoginViewController.swift */,
			);
			path = Login;
			sourceTree = "<group>";
		};
		4566F056236CD1E000A04C75 /* Patients */ = {
			isa = PBXGroup;
			children = (
				4566F08B236E110300A04C75 /* Views */,
				452DDBCC243D22E300A8F1FF /* AgenciesTableViewController.swift */,
				45E35A3524EF9ECC005A8059 /* ConfirmTransportViewController.swift */,
				452DDBCA243D22D000A8F1FF /* FacilitiesTableViewController.swift */,
				45F218FF24E5D7B50046A39B /* ObservationTableViewController.swift */,
				4566F087236E0A5800A04C75 /* ObservationViewController.swift */,
				4566F057236CD1EE00A04C75 /* Patients.storyboard */,
				4566F059236CD26900A04C75 /* PatientsCollectionViewController.swift */,
				45ACBDCB237FA4A200C99EBB /* PatientsMapViewController.swift */,
				4566F0A0236E46FF00A04C75 /* PatientMapViewController.swift */,
				45F218FD24E5BB510046A39B /* PatientTableViewController.swift */,
				45F218F924E206330046A39B /* PatientViewController.swift */,
				45E35A3924F09B1E005A8059 /* RecordingViewController.swift */,
				4566F081236DE94400A04C75 /* ScanViewController.swift */,
			);
			path = Patients;
			sourceTree = "<group>";
		};
		4566F05D236CD56200A04C75 /* Extensions */ = {
			isa = PBXGroup;
			children = (
				4538CE362420992B00E276A4 /* Date+Extensions.swift */,
				45B7A2E3250EE7D000BCAAAE /* DateFormatter+Extensions.swift */,
				452DDBD2243D628200A8F1FF /* Double+Extensions.swift */,
				45B7A2E5250EFFB100BCAAAE /* GMSMarker+Extensions.swift */,
				4566F066236CE6D700A04C75 /* ISO8601DateFormatter+Extensions.swift */,
				45F2190124E5EC640046A39B /* Localizable.swift */,
				4538CE34242098B300E276A4 /* RelativeDateTimeFormatter+Extensions.swift */,
				45F2190324E5ECC10046A39B /* String+Extensions.swift */,
				45F2190524E5ED100046A39B /* UIBarButtonItem+Extensions.swift */,
				45E35A3B24F09B84005A8059 /* UIButton+Extensions.swift */,
				45E267532418B3A70010CDE9 /* UIColor+Extensions.swift */,
				4563C74624DB7B3500217901 /* UIFont+Extensions.swift */,
				45A3F14324203EEB009D6818 /* UIImage+Extensions.swift */,
				45E35A3124ECE7CA005A8059 /* UILabel+Extensions.swift */,
				4566F072236D2FB100A04C75 /* UIView+Extensions.swift */,
				4566F05E236CD57400A04C75 /* UIViewController+Extensions.swift */,
				4572BA8E237DE45400958A77 /* URL+Extensions.swift */,
			);
			path = Extensions;
			sourceTree = "<group>";
		};
		4566F061236CE17900A04C75 /* Models */ = {
			isa = PBXGroup;
			children = (
				452DDBC6243CF3F000A8F1FF /* Agency.swift */,
				4566F064236CE3B500A04C75 /* Base.swift */,
				45B7A2D72508330600BCAAAE /* City.swift */,
				452DDBC8243CF40600A8F1FF /* Facility.swift */,
				4566F089236E0C8200A04C75 /* Observation.swift */,
				4566F062236CE18E00A04C75 /* Patient.swift */,
				454E17B824FFF5C900F9EB8B /* Responder.swift */,
				454E17B124FF159C00F9EB8B /* Scene.swift */,
				45B7A2D92508331500BCAAAE /* State.swift */,
				454E17B624FFF5BF00F9EB8B /* User.swift */,
			);
			path = Models;
			sourceTree = "<group>";
		};
		4566F078236D484D00A04C75 /* Views */ = {
			isa = PBXGroup;
			children = (
				45B7A2E7250F2AAC00BCAAAE /* AlertViewController.swift */,
				45B7A2E8250F2AAC00BCAAAE /* AlertViewController.xib */,
				454E17AF24FECD8800F9EB8B /* BannerView.swift */,
				45BA942E2502BE2B0098E9BD /* BaseField.swift */,
				45E267512418B2510010CDE9 /* Button.swift */,
				458D1C8824283672003C7C85 /* DropdownButton.swift */,
				45E35A3324EF8E8B005A8059 /* FacilityView.swift */,
				456B7C0B24DBB4BC00E42EB8 /* FormButton.swift */,
				4563C74224DA763700217901 /* FormField.swift */,
				45BA94302502C17F0098E9BD /* FormMultilineField.swift */,
				4566F07B236D4AC600A04C75 /* HorizontalRuleView.swift */,
				4543DD4D24DE20B100F9E50B /* NavigationBar.swift */,
				45E2675724196E5C0010CDE9 /* NavigationController.swift */,
				45FD73E6243151C200FD7EDB /* ObservationView.swift */,
				4566F06E236D2EBF00A04C75 /* PatientView.swift */,
				4566F070236D2F1B00A04C75 /* PatientView.xib */,
				4566F07D236D57FA00A04C75 /* PriorityView.swift */,
				45E35A3724F06A8E005A8059 /* RecordButton.swift */,
				4566F079236D486B00A04C75 /* RoundImageView.swift */,
				45515A2E24DE26AB007BAE09 /* SearchBar.swift */,
				452DDBD9243D819500A8F1FF /* SelectorView.swift */,
				45515A3024DF682A007BAE09 /* SortBar.swift */,
				450A977D24DCAC7A007BCDD3 /* TabBar.swift */,
				4543DD4B24DDE62100F9E50B /* TabBarController.swift */,
				45E2674F2418AFAD0010CDE9 /* TextField.swift */,
			);
			path = Views;
			sourceTree = "<group>";
		};
		4566F08B236E110300A04C75 /* Views */ = {
			isa = PBXGroup;
			children = (
				4566F08C236E117300A04C75 /* AttributeTableViewCell.swift */,
				452DDBCE243D341900A8F1FF /* FacilityTableViewCell.swift */,
				45F218FB24E371660046A39B /* LocationTableViewCell.swift */,
				45FD73EA243158B900FD7EDB /* ObservationTableViewCell.swift */,
				45B7A2F1251038D200BCAAAE /* PatientsCollectionViewCell.swift */,
				4566F098236E12A600A04C75 /* PatientTableViewCell.swift */,
				4566F094236E11B000A04C75 /* PatientTableHeaderView.swift */,
				45E5BEED2425DA010013D78D /* TableViewHeaderView.swift */,
			);
			path = Views;
			sourceTree = "<group>";
		};
		45E267302418AF340010CDE9 /* Fonts */ = {
			isa = PBXGroup;
			children = (
				4563C73F24DA6FB100217901 /* Barlow-Regular.ttf */,
				4563C73E24DA6FB100217901 /* Barlow-SemiBold.ttf */,
			);
			path = Fonts;
			sourceTree = "<group>";
		};
		45E35A3D24FDD836005A8059 /* Scenes */ = {
			isa = PBXGroup;
			children = (
				454E17B324FF28BF00F9EB8B /* Views */,
				45E35A3E24FDD9F9005A8059 /* Scenes.storyboard */,
				45B7A2DB250E970200BCAAAE /* BaseNonSceneViewController.swift */,
				454E17AD24FECC1B00F9EB8B /* NewSceneViewController.swift */,
				454E17AB24FECBF800F9EB8B /* PreviousScenesViewController.swift */,
				454E17BA24FFF5FB00F9EB8B /* SceneOverviewViewController.swift */,
				45B7A2ED250F3E7800BCAAAE /* SceneSummaryViewController.swift */,
			);
			path = Scenes;
			sourceTree = "<group>";
		};
		90CCACB3DC232FDED43273D4 /* Frameworks */ = {
			isa = PBXGroup;
			children = (
				E3810588230AB5FE9D4DB0F2 /* Pods_Triage.framework */,
				E594164AB6C3CA01C6206DB5 /* Pods_TriageTests.framework */,
				A424B49324530AC28FF6F532 /* Pods_TriageUITests.framework */,
			);
			name = Frameworks;
			sourceTree = "<group>";
		};
/* End PBXGroup section */

/* Begin PBXNativeTarget section */
		4566F01B236CCC5500A04C75 /* Triage */ = {
			isa = PBXNativeTarget;
			buildConfigurationList = 4566F046236CCC5700A04C75 /* Build configuration list for PBXNativeTarget "Triage" */;
			buildPhases = (
				CED6EC528B4941D251B45C3C /* [CP] Check Pods Manifest.lock */,
				4566F018236CCC5500A04C75 /* Sources */,
				4566F019236CCC5500A04C75 /* Frameworks */,
				4566F01A236CCC5500A04C75 /* Resources */,
				41170FF1B51A5441BDEE2359 /* [CP] Embed Pods Frameworks */,
				5143D59A2EEA029C38D2EBA8 /* [CP] Copy Pods Resources */,
			);
			buildRules = (
			);
			dependencies = (
			);
			name = Triage;
			productName = Triage;
			productReference = 4566F01C236CCC5500A04C75 /* Peak Response.app */;
			productType = "com.apple.product-type.application";
		};
		4566F031236CCC5700A04C75 /* TriageTests */ = {
			isa = PBXNativeTarget;
			buildConfigurationList = 4566F049236CCC5700A04C75 /* Build configuration list for PBXNativeTarget "TriageTests" */;
			buildPhases = (
				0079D5BFDE8C4AAA8F746C6B /* [CP] Check Pods Manifest.lock */,
				4566F02E236CCC5700A04C75 /* Sources */,
				4566F02F236CCC5700A04C75 /* Frameworks */,
				4566F030236CCC5700A04C75 /* Resources */,
			);
			buildRules = (
			);
			dependencies = (
				4566F034236CCC5700A04C75 /* PBXTargetDependency */,
			);
			name = TriageTests;
			productName = TriageTests;
			productReference = 4566F032236CCC5700A04C75 /* TriageTests.xctest */;
			productType = "com.apple.product-type.bundle.unit-test";
		};
		4566F03C236CCC5700A04C75 /* TriageUITests */ = {
			isa = PBXNativeTarget;
			buildConfigurationList = 4566F04C236CCC5700A04C75 /* Build configuration list for PBXNativeTarget "TriageUITests" */;
			buildPhases = (
				5F0561CF6B0232C999B34857 /* [CP] Check Pods Manifest.lock */,
				4566F039236CCC5700A04C75 /* Sources */,
				4566F03A236CCC5700A04C75 /* Frameworks */,
				4566F03B236CCC5700A04C75 /* Resources */,
			);
			buildRules = (
			);
			dependencies = (
				4566F03F236CCC5700A04C75 /* PBXTargetDependency */,
			);
			name = TriageUITests;
			productName = TriageUITests;
			productReference = 4566F03D236CCC5700A04C75 /* TriageUITests.xctest */;
			productType = "com.apple.product-type.bundle.ui-testing";
		};
/* End PBXNativeTarget section */

/* Begin PBXProject section */
		4566F014236CCC5500A04C75 /* Project object */ = {
			isa = PBXProject;
			attributes = {
				LastSwiftUpdateCheck = 1020;
				LastUpgradeCheck = 1020;
				ORGANIZATIONNAME = "Francis Li";
				TargetAttributes = {
					4566F01B236CCC5500A04C75 = {
						CreatedOnToolsVersion = 10.2.1;
					};
					4566F031236CCC5700A04C75 = {
						CreatedOnToolsVersion = 10.2.1;
						TestTargetID = 4566F01B236CCC5500A04C75;
					};
					4566F03C236CCC5700A04C75 = {
						CreatedOnToolsVersion = 10.2.1;
						TestTargetID = 4566F01B236CCC5500A04C75;
					};
				};
			};
			buildConfigurationList = 4566F017236CCC5500A04C75 /* Build configuration list for PBXProject "Triage" */;
			compatibilityVersion = "Xcode 9.3";
			developmentRegion = en;
			hasScannedForEncodings = 0;
			knownRegions = (
				en,
				Base,
			);
			mainGroup = 4566F013236CCC5500A04C75;
			productRefGroup = 4566F01D236CCC5500A04C75 /* Products */;
			projectDirPath = "";
			projectRoot = "";
			targets = (
				4566F01B236CCC5500A04C75 /* Triage */,
				4566F031236CCC5700A04C75 /* TriageTests */,
				4566F03C236CCC5700A04C75 /* TriageUITests */,
			);
		};
/* End PBXProject section */

/* Begin PBXResourcesBuildPhase section */
		4566F01A236CCC5500A04C75 /* Resources */ = {
			isa = PBXResourcesBuildPhase;
			buildActionMask = 2147483647;
			files = (
				4566F058236CD1EE00A04C75 /* Patients.storyboard in Resources */,
				4566F053236CD05200A04C75 /* Login.storyboard in Resources */,
				4566F071236D2F1B00A04C75 /* PatientView.xib in Resources */,
				4566F077236D450400A04C75 /* Localizable.strings in Resources */,
				4566F02C236CCC5700A04C75 /* LaunchScreen.storyboard in Resources */,
				45E35A3F24FDD9F9005A8059 /* Scenes.storyboard in Resources */,
				4563C74124DA6FB200217901 /* Barlow-Regular.ttf in Resources */,
				4566F029236CCC5700A04C75 /* Assets.xcassets in Resources */,
				4566F027236CCC5500A04C75 /* Main.storyboard in Resources */,
				45B7A2EA250F2AAC00BCAAAE /* AlertViewController.xib in Resources */,
				4563C74024DA6FB200217901 /* Barlow-SemiBold.ttf in Resources */,
			);
			runOnlyForDeploymentPostprocessing = 0;
		};
		4566F030236CCC5700A04C75 /* Resources */ = {
			isa = PBXResourcesBuildPhase;
			buildActionMask = 2147483647;
			files = (
			);
			runOnlyForDeploymentPostprocessing = 0;
		};
		4566F03B236CCC5700A04C75 /* Resources */ = {
			isa = PBXResourcesBuildPhase;
			buildActionMask = 2147483647;
			files = (
			);
			runOnlyForDeploymentPostprocessing = 0;
		};
/* End PBXResourcesBuildPhase section */

/* Begin PBXShellScriptBuildPhase section */
		0079D5BFDE8C4AAA8F746C6B /* [CP] Check Pods Manifest.lock */ = {
			isa = PBXShellScriptBuildPhase;
			buildActionMask = 2147483647;
			files = (
			);
			inputFileListPaths = (
			);
			inputPaths = (
				"${PODS_PODFILE_DIR_PATH}/Podfile.lock",
				"${PODS_ROOT}/Manifest.lock",
			);
			name = "[CP] Check Pods Manifest.lock";
			outputFileListPaths = (
			);
			outputPaths = (
				"$(DERIVED_FILE_DIR)/Pods-TriageTests-checkManifestLockResult.txt",
			);
			runOnlyForDeploymentPostprocessing = 0;
			shellPath = /bin/sh;
			shellScript = "diff \"${PODS_PODFILE_DIR_PATH}/Podfile.lock\" \"${PODS_ROOT}/Manifest.lock\" > /dev/null\nif [ $? != 0 ] ; then\n    # print error to STDERR\n    echo \"error: The sandbox is not in sync with the Podfile.lock. Run 'pod install' or update your CocoaPods installation.\" >&2\n    exit 1\nfi\n# This output is used by Xcode 'outputs' to avoid re-running this script phase.\necho \"SUCCESS\" > \"${SCRIPT_OUTPUT_FILE_0}\"\n";
			showEnvVarsInLog = 0;
		};
		41170FF1B51A5441BDEE2359 /* [CP] Embed Pods Frameworks */ = {
			isa = PBXShellScriptBuildPhase;
			buildActionMask = 2147483647;
			files = (
			);
			inputFileListPaths = (
				"${PODS_ROOT}/Target Support Files/Pods-Triage/Pods-Triage-frameworks-${CONFIGURATION}-input-files.xcfilelist",
			);
			name = "[CP] Embed Pods Frameworks";
			outputFileListPaths = (
				"${PODS_ROOT}/Target Support Files/Pods-Triage/Pods-Triage-frameworks-${CONFIGURATION}-output-files.xcfilelist",
			);
			runOnlyForDeploymentPostprocessing = 0;
			shellPath = /bin/sh;
			shellScript = "\"${PODS_ROOT}/Target Support Files/Pods-Triage/Pods-Triage-frameworks.sh\"\n";
			showEnvVarsInLog = 0;
		};
		5143D59A2EEA029C38D2EBA8 /* [CP] Copy Pods Resources */ = {
			isa = PBXShellScriptBuildPhase;
			buildActionMask = 2147483647;
			files = (
			);
			inputFileListPaths = (
				"${PODS_ROOT}/Target Support Files/Pods-Triage/Pods-Triage-resources-${CONFIGURATION}-input-files.xcfilelist",
			);
			name = "[CP] Copy Pods Resources";
			outputFileListPaths = (
				"${PODS_ROOT}/Target Support Files/Pods-Triage/Pods-Triage-resources-${CONFIGURATION}-output-files.xcfilelist",
			);
			runOnlyForDeploymentPostprocessing = 0;
			shellPath = /bin/sh;
			shellScript = "\"${PODS_ROOT}/Target Support Files/Pods-Triage/Pods-Triage-resources.sh\"\n";
			showEnvVarsInLog = 0;
		};
		5F0561CF6B0232C999B34857 /* [CP] Check Pods Manifest.lock */ = {
			isa = PBXShellScriptBuildPhase;
			buildActionMask = 2147483647;
			files = (
			);
			inputFileListPaths = (
			);
			inputPaths = (
				"${PODS_PODFILE_DIR_PATH}/Podfile.lock",
				"${PODS_ROOT}/Manifest.lock",
			);
			name = "[CP] Check Pods Manifest.lock";
			outputFileListPaths = (
			);
			outputPaths = (
				"$(DERIVED_FILE_DIR)/Pods-TriageUITests-checkManifestLockResult.txt",
			);
			runOnlyForDeploymentPostprocessing = 0;
			shellPath = /bin/sh;
			shellScript = "diff \"${PODS_PODFILE_DIR_PATH}/Podfile.lock\" \"${PODS_ROOT}/Manifest.lock\" > /dev/null\nif [ $? != 0 ] ; then\n    # print error to STDERR\n    echo \"error: The sandbox is not in sync with the Podfile.lock. Run 'pod install' or update your CocoaPods installation.\" >&2\n    exit 1\nfi\n# This output is used by Xcode 'outputs' to avoid re-running this script phase.\necho \"SUCCESS\" > \"${SCRIPT_OUTPUT_FILE_0}\"\n";
			showEnvVarsInLog = 0;
		};
		CED6EC528B4941D251B45C3C /* [CP] Check Pods Manifest.lock */ = {
			isa = PBXShellScriptBuildPhase;
			buildActionMask = 2147483647;
			files = (
			);
			inputFileListPaths = (
			);
			inputPaths = (
				"${PODS_PODFILE_DIR_PATH}/Podfile.lock",
				"${PODS_ROOT}/Manifest.lock",
			);
			name = "[CP] Check Pods Manifest.lock";
			outputFileListPaths = (
			);
			outputPaths = (
				"$(DERIVED_FILE_DIR)/Pods-Triage-checkManifestLockResult.txt",
			);
			runOnlyForDeploymentPostprocessing = 0;
			shellPath = /bin/sh;
			shellScript = "diff \"${PODS_PODFILE_DIR_PATH}/Podfile.lock\" \"${PODS_ROOT}/Manifest.lock\" > /dev/null\nif [ $? != 0 ] ; then\n    # print error to STDERR\n    echo \"error: The sandbox is not in sync with the Podfile.lock. Run 'pod install' or update your CocoaPods installation.\" >&2\n    exit 1\nfi\n# This output is used by Xcode 'outputs' to avoid re-running this script phase.\necho \"SUCCESS\" > \"${SCRIPT_OUTPUT_FILE_0}\"\n";
			showEnvVarsInLog = 0;
		};
/* End PBXShellScriptBuildPhase section */

/* Begin PBXSourcesBuildPhase section */
		4566F018236CCC5500A04C75 /* Sources */ = {
			isa = PBXSourcesBuildPhase;
			buildActionMask = 2147483647;
			files = (
				454E17B224FF159C00F9EB8B /* Scene.swift in Sources */,
				454E17B024FECD8800F9EB8B /* BannerView.swift in Sources */,
				45515A3124DF682A007BAE09 /* SortBar.swift in Sources */,
				458D1C8924283672003C7C85 /* DropdownButton.swift in Sources */,
				45F218FA24E206330046A39B /* PatientViewController.swift in Sources */,
				4566F07C236D4AC600A04C75 /* HorizontalRuleView.swift in Sources */,
				454E17C1250022ED00F9EB8B /* SceneRespondersView.swift in Sources */,
				4566F088236E0A5800A04C75 /* ObservationViewController.swift in Sources */,
				4566F06F236D2EBF00A04C75 /* PatientView.swift in Sources */,
				45F218FE24E5BB510046A39B /* PatientTableViewController.swift in Sources */,
				45BA94312502C17F0098E9BD /* FormMultilineField.swift in Sources */,
				4566F05A236CD26900A04C75 /* PatientsCollectionViewController.swift in Sources */,
				4566F07E236D57FA00A04C75 /* PriorityView.swift in Sources */,
				45B7A2E9250F2AAC00BCAAAE /* AlertViewController.swift in Sources */,
				4543DD4E24DE20B100F9E50B /* NavigationBar.swift in Sources */,
				4566F096236E11B000A04C75 /* PatientTableHeaderView.swift in Sources */,
				45B7A2DE250E9A7E00BCAAAE /* SceneTabBarController.swift in Sources */,
				4566F0A1236E46FF00A04C75 /* PatientMapViewController.swift in Sources */,
				45F2190224E5EC640046A39B /* Localizable.swift in Sources */,
				4566F067236CE6D700A04C75 /* ISO8601DateFormatter+Extensions.swift in Sources */,
				45B7A2E6250EFFB100BCAAAE /* GMSMarker+Extensions.swift in Sources */,
				45B7A2F2251038D200BCAAAE /* PatientsCollectionViewCell.swift in Sources */,
				45ACBDC8237E718600C99EBB /* AppCache.swift in Sources */,
				45E267542418B3A70010CDE9 /* UIColor+Extensions.swift in Sources */,
				45E5BEEE2425DA010013D78D /* TableViewHeaderView.swift in Sources */,
				45515A2F24DE26AB007BAE09 /* SearchBar.swift in Sources */,
				45E267502418AFAD0010CDE9 /* TextField.swift in Sources */,
				45F2190024E5D7B50046A39B /* ObservationTableViewController.swift in Sources */,
				4566F07A236D486B00A04C75 /* RoundImageView.swift in Sources */,
				45E35A3224ECE7CA005A8059 /* UILabel+Extensions.swift in Sources */,
				45F218FC24E371660046A39B /* LocationTableViewCell.swift in Sources */,
				4566F069236CE82A00A04C75 /* AppRealm.swift in Sources */,
				452DDBCD243D22E300A8F1FF /* AgenciesTableViewController.swift in Sources */,
				450A977E24DCAC7A007BCDD3 /* TabBar.swift in Sources */,
				4543DD4C24DDE62100F9E50B /* TabBarController.swift in Sources */,
				45E35A3424EF8E8B005A8059 /* FacilityView.swift in Sources */,
				45B7A2E0250E9EFD00BCAAAE /* ActiveScenesView.swift in Sources */,
				4566F099236E12A600A04C75 /* PatientTableViewCell.swift in Sources */,
				452DDBCB243D22D000A8F1FF /* FacilitiesTableViewController.swift in Sources */,
				454E17AC24FECBF800F9EB8B /* PreviousScenesViewController.swift in Sources */,
				454E17BB24FFF5FB00F9EB8B /* SceneOverviewViewController.swift in Sources */,
				4566F08E236E117300A04C75 /* AttributeTableViewCell.swift in Sources */,
				454E17B924FFF5C900F9EB8B /* Responder.swift in Sources */,
				45FD73EC243158B900FD7EDB /* ObservationTableViewCell.swift in Sources */,
				4566F073236D2FB100A04C75 /* UIView+Extensions.swift in Sources */,
				45B7A2DA2508331500BCAAAE /* State.swift in Sources */,
				45F2190624E5ED100046A39B /* UIBarButtonItem+Extensions.swift in Sources */,
				45B7A2EE250F3E7800BCAAAE /* SceneSummaryViewController.swift in Sources */,
				4563C74724DB7B3500217901 /* UIFont+Extensions.swift in Sources */,
				45BA942D2501C6A60098E9BD /* SceneLocationView.swift in Sources */,
				456B7C0C24DBB4BC00E42EB8 /* FormButton.swift in Sources */,
				452DDBDB243D819500A8F1FF /* SelectorView.swift in Sources */,
				454E17BD250022C700F9EB8B /* SceneHeaderView.swift in Sources */,
				4566F020236CCC5500A04C75 /* AppDelegate.swift in Sources */,
				45F2190424E5ECC10046A39B /* String+Extensions.swift in Sources */,
				4566F05F236CD57400A04C75 /* UIViewController+Extensions.swift in Sources */,
				45E35A3824F06A8E005A8059 /* RecordButton.swift in Sources */,
				4566F055236CD0C100A04C75 /* LoginViewController.swift in Sources */,
				452DDBC9243CF40600A8F1FF /* Facility.swift in Sources */,
				45E2675824196E5C0010CDE9 /* NavigationController.swift in Sources */,
				4563C74324DA763700217901 /* FormField.swift in Sources */,
				4566F063236CE18E00A04C75 /* Patient.swift in Sources */,
				45B7A2DC250E970200BCAAAE /* BaseNonSceneViewController.swift in Sources */,
				45E35A3624EF9ECC005A8059 /* ConfirmTransportViewController.swift in Sources */,
				4538CE372420992B00E276A4 /* Date+Extensions.swift in Sources */,
				4572BA8F237DE45400958A77 /* URL+Extensions.swift in Sources */,
				45BA942F2502BE2B0098E9BD /* BaseField.swift in Sources */,
				4566F08A236E0C8200A04C75 /* Observation.swift in Sources */,
				45B7A2F025101DD400BCAAAE /* SceneSummaryHeaderView.swift in Sources */,
				45E35A3C24F09B84005A8059 /* UIButton+Extensions.swift in Sources */,
				454E17AE24FECC1B00F9EB8B /* NewSceneViewController.swift in Sources */,
				45FD73E7243151C200FD7EDB /* ObservationView.swift in Sources */,
				452DDBD0243D341900A8F1FF /* FacilityTableViewCell.swift in Sources */,
				45B7A2D82508330700BCAAAE /* City.swift in Sources */,
				452DDBD3243D628200A8F1FF /* Double+Extensions.swift in Sources */,
				4566F065236CE3B500A04C75 /* Base.swift in Sources */,
				45ACBDCA237E75ED00C99EBB /* AudioHelper.swift in Sources */,
				454E17B524FF29B500F9EB8B /* SceneTableViewCell.swift in Sources */,
				454E17B724FFF5BF00F9EB8B /* User.swift in Sources */,
				454E17BF250022E000F9EB8B /* ScenePatientsView.swift in Sources */,
				4566F05C236CD2DB00A04C75 /* ApiClient.swift in Sources */,
				453877BD236FA47300E19880 /* NonSceneTabBarController.swift in Sources */,
				452DDBC7243CF3F000A8F1FF /* Agency.swift in Sources */,
				4572BA8D237DD4BB00958A77 /* CameraHelper.swift in Sources */,
				4566F082236DE94400A04C75 /* ScanViewController.swift in Sources */,
				45B7A2E2250EE11300BCAAAE /* ActiveSceneView.swift in Sources */,
				45A3F14424203EEB009D6818 /* UIImage+Extensions.swift in Sources */,
				454096A824452CEA00AEE53E /* AppSettings.swift in Sources */,
				45E35A3A24F09B1E005A8059 /* RecordingViewController.swift in Sources */,
				4538CE35242098B300E276A4 /* RelativeDateTimeFormatter+Extensions.swift in Sources */,
				45ACBDCC237FA4A200C99EBB /* PatientsMapViewController.swift in Sources */,
				45B7A2E4250EE7D000BCAAAE /* DateFormatter+Extensions.swift in Sources */,
				45E267522418B2510010CDE9 /* Button.swift in Sources */,
			);
			runOnlyForDeploymentPostprocessing = 0;
		};
		4566F02E236CCC5700A04C75 /* Sources */ = {
			isa = PBXSourcesBuildPhase;
			buildActionMask = 2147483647;
			files = (
				4566F06B236CE8A800A04C75 /* PatientTests.swift in Sources */,
			);
			runOnlyForDeploymentPostprocessing = 0;
		};
		4566F039236CCC5700A04C75 /* Sources */ = {
			isa = PBXSourcesBuildPhase;
			buildActionMask = 2147483647;
			files = (
				4566F042236CCC5700A04C75 /* TriageUITests.swift in Sources */,
			);
			runOnlyForDeploymentPostprocessing = 0;
		};
/* End PBXSourcesBuildPhase section */

/* Begin PBXTargetDependency section */
		4566F034236CCC5700A04C75 /* PBXTargetDependency */ = {
			isa = PBXTargetDependency;
			target = 4566F01B236CCC5500A04C75 /* Triage */;
			targetProxy = 4566F033236CCC5700A04C75 /* PBXContainerItemProxy */;
		};
		4566F03F236CCC5700A04C75 /* PBXTargetDependency */ = {
			isa = PBXTargetDependency;
			target = 4566F01B236CCC5500A04C75 /* Triage */;
			targetProxy = 4566F03E236CCC5700A04C75 /* PBXContainerItemProxy */;
		};
/* End PBXTargetDependency section */

/* Begin PBXVariantGroup section */
		4566F025236CCC5500A04C75 /* Main.storyboard */ = {
			isa = PBXVariantGroup;
			children = (
				4566F026236CCC5500A04C75 /* Base */,
			);
			name = Main.storyboard;
			sourceTree = "<group>";
		};
		4566F02A236CCC5700A04C75 /* LaunchScreen.storyboard */ = {
			isa = PBXVariantGroup;
			children = (
				4566F02B236CCC5700A04C75 /* Base */,
			);
			name = LaunchScreen.storyboard;
			sourceTree = "<group>";
		};
/* End PBXVariantGroup section */

/* Begin XCBuildConfiguration section */
		4566F044236CCC5700A04C75 /* Debug */ = {
			isa = XCBuildConfiguration;
			buildSettings = {
				ALWAYS_SEARCH_USER_PATHS = NO;
				CLANG_ANALYZER_NONNULL = YES;
				CLANG_ANALYZER_NUMBER_OBJECT_CONVERSION = YES_AGGRESSIVE;
				CLANG_CXX_LANGUAGE_STANDARD = "gnu++14";
				CLANG_CXX_LIBRARY = "libc++";
				CLANG_ENABLE_MODULES = YES;
				CLANG_ENABLE_OBJC_ARC = YES;
				CLANG_ENABLE_OBJC_WEAK = YES;
				CLANG_WARN_BLOCK_CAPTURE_AUTORELEASING = YES;
				CLANG_WARN_BOOL_CONVERSION = YES;
				CLANG_WARN_COMMA = YES;
				CLANG_WARN_CONSTANT_CONVERSION = YES;
				CLANG_WARN_DEPRECATED_OBJC_IMPLEMENTATIONS = YES;
				CLANG_WARN_DIRECT_OBJC_ISA_USAGE = YES_ERROR;
				CLANG_WARN_DOCUMENTATION_COMMENTS = YES;
				CLANG_WARN_EMPTY_BODY = YES;
				CLANG_WARN_ENUM_CONVERSION = YES;
				CLANG_WARN_INFINITE_RECURSION = YES;
				CLANG_WARN_INT_CONVERSION = YES;
				CLANG_WARN_NON_LITERAL_NULL_CONVERSION = YES;
				CLANG_WARN_OBJC_IMPLICIT_RETAIN_SELF = YES;
				CLANG_WARN_OBJC_LITERAL_CONVERSION = YES;
				CLANG_WARN_OBJC_ROOT_CLASS = YES_ERROR;
				CLANG_WARN_RANGE_LOOP_ANALYSIS = YES;
				CLANG_WARN_STRICT_PROTOTYPES = YES;
				CLANG_WARN_SUSPICIOUS_MOVE = YES;
				CLANG_WARN_UNGUARDED_AVAILABILITY = YES_AGGRESSIVE;
				CLANG_WARN_UNREACHABLE_CODE = YES;
				CLANG_WARN__DUPLICATE_METHOD_MATCH = YES;
				CODE_SIGN_IDENTITY = "iPhone Developer";
				COPY_PHASE_STRIP = NO;
				CURRENT_PROJECT_VERSION = 11;
				DEBUG_INFORMATION_FORMAT = dwarf;
				ENABLE_STRICT_OBJC_MSGSEND = YES;
				ENABLE_TESTABILITY = YES;
				GCC_C_LANGUAGE_STANDARD = gnu11;
				GCC_DYNAMIC_NO_PIC = NO;
				GCC_NO_COMMON_BLOCKS = YES;
				GCC_OPTIMIZATION_LEVEL = 0;
				GCC_PREPROCESSOR_DEFINITIONS = (
					"DEBUG=1",
					"$(inherited)",
				);
				GCC_WARN_64_TO_32_BIT_CONVERSION = YES;
				GCC_WARN_ABOUT_RETURN_TYPE = YES_ERROR;
				GCC_WARN_UNDECLARED_SELECTOR = YES;
				GCC_WARN_UNINITIALIZED_AUTOS = YES_AGGRESSIVE;
				GCC_WARN_UNUSED_FUNCTION = YES;
				GCC_WARN_UNUSED_VARIABLE = YES;
				IPHONEOS_DEPLOYMENT_TARGET = 13.2;
				MTL_ENABLE_DEBUG_INFO = INCLUDE_SOURCE;
				MTL_FAST_MATH = YES;
				ONLY_ACTIVE_ARCH = YES;
				SDKROOT = iphoneos;
				SWIFT_ACTIVE_COMPILATION_CONDITIONS = DEBUG;
				SWIFT_OPTIMIZATION_LEVEL = "-Onone";
				VERSIONING_SYSTEM = "apple-generic";
			};
			name = Debug;
		};
		4566F045236CCC5700A04C75 /* Release */ = {
			isa = XCBuildConfiguration;
			buildSettings = {
				ALWAYS_SEARCH_USER_PATHS = NO;
				CLANG_ANALYZER_NONNULL = YES;
				CLANG_ANALYZER_NUMBER_OBJECT_CONVERSION = YES_AGGRESSIVE;
				CLANG_CXX_LANGUAGE_STANDARD = "gnu++14";
				CLANG_CXX_LIBRARY = "libc++";
				CLANG_ENABLE_MODULES = YES;
				CLANG_ENABLE_OBJC_ARC = YES;
				CLANG_ENABLE_OBJC_WEAK = YES;
				CLANG_WARN_BLOCK_CAPTURE_AUTORELEASING = YES;
				CLANG_WARN_BOOL_CONVERSION = YES;
				CLANG_WARN_COMMA = YES;
				CLANG_WARN_CONSTANT_CONVERSION = YES;
				CLANG_WARN_DEPRECATED_OBJC_IMPLEMENTATIONS = YES;
				CLANG_WARN_DIRECT_OBJC_ISA_USAGE = YES_ERROR;
				CLANG_WARN_DOCUMENTATION_COMMENTS = YES;
				CLANG_WARN_EMPTY_BODY = YES;
				CLANG_WARN_ENUM_CONVERSION = YES;
				CLANG_WARN_INFINITE_RECURSION = YES;
				CLANG_WARN_INT_CONVERSION = YES;
				CLANG_WARN_NON_LITERAL_NULL_CONVERSION = YES;
				CLANG_WARN_OBJC_IMPLICIT_RETAIN_SELF = YES;
				CLANG_WARN_OBJC_LITERAL_CONVERSION = YES;
				CLANG_WARN_OBJC_ROOT_CLASS = YES_ERROR;
				CLANG_WARN_RANGE_LOOP_ANALYSIS = YES;
				CLANG_WARN_STRICT_PROTOTYPES = YES;
				CLANG_WARN_SUSPICIOUS_MOVE = YES;
				CLANG_WARN_UNGUARDED_AVAILABILITY = YES_AGGRESSIVE;
				CLANG_WARN_UNREACHABLE_CODE = YES;
				CLANG_WARN__DUPLICATE_METHOD_MATCH = YES;
				CODE_SIGN_IDENTITY = "iPhone Developer";
				COPY_PHASE_STRIP = NO;
				CURRENT_PROJECT_VERSION = 11;
				DEBUG_INFORMATION_FORMAT = "dwarf-with-dsym";
				ENABLE_NS_ASSERTIONS = NO;
				ENABLE_STRICT_OBJC_MSGSEND = YES;
				GCC_C_LANGUAGE_STANDARD = gnu11;
				GCC_NO_COMMON_BLOCKS = YES;
				GCC_WARN_64_TO_32_BIT_CONVERSION = YES;
				GCC_WARN_ABOUT_RETURN_TYPE = YES_ERROR;
				GCC_WARN_UNDECLARED_SELECTOR = YES;
				GCC_WARN_UNINITIALIZED_AUTOS = YES_AGGRESSIVE;
				GCC_WARN_UNUSED_FUNCTION = YES;
				GCC_WARN_UNUSED_VARIABLE = YES;
				IPHONEOS_DEPLOYMENT_TARGET = 13.2;
				MTL_ENABLE_DEBUG_INFO = NO;
				MTL_FAST_MATH = YES;
				SDKROOT = iphoneos;
				SWIFT_COMPILATION_MODE = wholemodule;
				SWIFT_OPTIMIZATION_LEVEL = "-O";
				VALIDATE_PRODUCT = YES;
				VERSIONING_SYSTEM = "apple-generic";
			};
			name = Release;
		};
		4566F047236CCC5700A04C75 /* Debug */ = {
			isa = XCBuildConfiguration;
			baseConfigurationReference = EB9B52A9CC415024CE0FAB77 /* Pods-Triage.debug.xcconfig */;
			buildSettings = {
				ASSETCATALOG_COMPILER_APPICON_NAME = AppIcon;
				CODE_SIGN_STYLE = Automatic;
				DEVELOPMENT_TEAM = 4575KXUFK2;
				INFOPLIST_FILE = Triage/Info.plist;
				IPHONEOS_DEPLOYMENT_TARGET = 13.2;
				LD_RUNPATH_SEARCH_PATHS = (
					"$(inherited)",
					"@executable_path/Frameworks",
				);
				PRODUCT_BUNDLE_IDENTIFIER = net.peakresponse.Triage;
				PRODUCT_NAME = "Peak Response";
				SWIFT_VERSION = 5.0;
				TARGETED_DEVICE_FAMILY = 1;
			};
			name = Debug;
		};
		4566F048236CCC5700A04C75 /* Release */ = {
			isa = XCBuildConfiguration;
			baseConfigurationReference = C31BB00434B5BEE305700641 /* Pods-Triage.release.xcconfig */;
			buildSettings = {
				ASSETCATALOG_COMPILER_APPICON_NAME = AppIcon;
				CODE_SIGN_STYLE = Automatic;
				DEVELOPMENT_TEAM = 4575KXUFK2;
				INFOPLIST_FILE = Triage/Info.plist;
				IPHONEOS_DEPLOYMENT_TARGET = 13.2;
				LD_RUNPATH_SEARCH_PATHS = (
					"$(inherited)",
					"@executable_path/Frameworks",
				);
				PRODUCT_BUNDLE_IDENTIFIER = net.peakresponse.Triage;
				PRODUCT_NAME = "Peak Response";
				SWIFT_VERSION = 5.0;
				TARGETED_DEVICE_FAMILY = 1;
			};
			name = Release;
		};
		4566F04A236CCC5700A04C75 /* Debug */ = {
			isa = XCBuildConfiguration;
			baseConfigurationReference = 857F9B5CBD4C8C73020A114C /* Pods-TriageTests.debug.xcconfig */;
			buildSettings = {
				ALWAYS_EMBED_SWIFT_STANDARD_LIBRARIES = YES;
				BUNDLE_LOADER = "$(TEST_HOST)";
				CODE_SIGN_STYLE = Automatic;
				DEVELOPMENT_TEAM = BCKJA9Q3FW;
				INFOPLIST_FILE = TriageTests/Info.plist;
				LD_RUNPATH_SEARCH_PATHS = (
					"$(inherited)",
					"@executable_path/Frameworks",
					"@loader_path/Frameworks",
				);
				PRODUCT_BUNDLE_IDENTIFIER = net.peakresponse.TriageTests;
				PRODUCT_NAME = "$(TARGET_NAME)";
				SWIFT_VERSION = 5.0;
				TARGETED_DEVICE_FAMILY = "1,2";
				TEST_HOST = "$(BUILT_PRODUCTS_DIR)/Triage.app/Triage";
			};
			name = Debug;
		};
		4566F04B236CCC5700A04C75 /* Release */ = {
			isa = XCBuildConfiguration;
			baseConfigurationReference = BCA45DA419B537F52EAD6F80 /* Pods-TriageTests.release.xcconfig */;
			buildSettings = {
				ALWAYS_EMBED_SWIFT_STANDARD_LIBRARIES = YES;
				BUNDLE_LOADER = "$(TEST_HOST)";
				CODE_SIGN_STYLE = Automatic;
				DEVELOPMENT_TEAM = BCKJA9Q3FW;
				INFOPLIST_FILE = TriageTests/Info.plist;
				LD_RUNPATH_SEARCH_PATHS = (
					"$(inherited)",
					"@executable_path/Frameworks",
					"@loader_path/Frameworks",
				);
				PRODUCT_BUNDLE_IDENTIFIER = net.peakresponse.TriageTests;
				PRODUCT_NAME = "$(TARGET_NAME)";
				SWIFT_VERSION = 5.0;
				TARGETED_DEVICE_FAMILY = "1,2";
				TEST_HOST = "$(BUILT_PRODUCTS_DIR)/Triage.app/Triage";
			};
			name = Release;
		};
		4566F04D236CCC5700A04C75 /* Debug */ = {
			isa = XCBuildConfiguration;
			baseConfigurationReference = A608A45BFFA66C538FB6DCB4 /* Pods-TriageUITests.debug.xcconfig */;
			buildSettings = {
				ALWAYS_EMBED_SWIFT_STANDARD_LIBRARIES = YES;
				CODE_SIGN_STYLE = Automatic;
				DEVELOPMENT_TEAM = BCKJA9Q3FW;
				INFOPLIST_FILE = TriageUITests/Info.plist;
				LD_RUNPATH_SEARCH_PATHS = (
					"$(inherited)",
					"@executable_path/Frameworks",
					"@loader_path/Frameworks",
				);
				PRODUCT_BUNDLE_IDENTIFIER = net.peakresponse.TriageUITests;
				PRODUCT_NAME = "$(TARGET_NAME)";
				SWIFT_VERSION = 5.0;
				TARGETED_DEVICE_FAMILY = "1,2";
				TEST_TARGET_NAME = Triage;
			};
			name = Debug;
		};
		4566F04E236CCC5700A04C75 /* Release */ = {
			isa = XCBuildConfiguration;
			baseConfigurationReference = 2A36731B85C534CB922753FF /* Pods-TriageUITests.release.xcconfig */;
			buildSettings = {
				ALWAYS_EMBED_SWIFT_STANDARD_LIBRARIES = YES;
				CODE_SIGN_STYLE = Automatic;
				DEVELOPMENT_TEAM = BCKJA9Q3FW;
				INFOPLIST_FILE = TriageUITests/Info.plist;
				LD_RUNPATH_SEARCH_PATHS = (
					"$(inherited)",
					"@executable_path/Frameworks",
					"@loader_path/Frameworks",
				);
				PRODUCT_BUNDLE_IDENTIFIER = net.peakresponse.TriageUITests;
				PRODUCT_NAME = "$(TARGET_NAME)";
				SWIFT_VERSION = 5.0;
				TARGETED_DEVICE_FAMILY = "1,2";
				TEST_TARGET_NAME = Triage;
			};
			name = Release;
		};
/* End XCBuildConfiguration section */

/* Begin XCConfigurationList section */
		4566F017236CCC5500A04C75 /* Build configuration list for PBXProject "Triage" */ = {
			isa = XCConfigurationList;
			buildConfigurations = (
				4566F044236CCC5700A04C75 /* Debug */,
				4566F045236CCC5700A04C75 /* Release */,
			);
			defaultConfigurationIsVisible = 0;
			defaultConfigurationName = Release;
		};
		4566F046236CCC5700A04C75 /* Build configuration list for PBXNativeTarget "Triage" */ = {
			isa = XCConfigurationList;
			buildConfigurations = (
				4566F047236CCC5700A04C75 /* Debug */,
				4566F048236CCC5700A04C75 /* Release */,
			);
			defaultConfigurationIsVisible = 0;
			defaultConfigurationName = Release;
		};
		4566F049236CCC5700A04C75 /* Build configuration list for PBXNativeTarget "TriageTests" */ = {
			isa = XCConfigurationList;
			buildConfigurations = (
				4566F04A236CCC5700A04C75 /* Debug */,
				4566F04B236CCC5700A04C75 /* Release */,
			);
			defaultConfigurationIsVisible = 0;
			defaultConfigurationName = Release;
		};
		4566F04C236CCC5700A04C75 /* Build configuration list for PBXNativeTarget "TriageUITests" */ = {
			isa = XCConfigurationList;
			buildConfigurations = (
				4566F04D236CCC5700A04C75 /* Debug */,
				4566F04E236CCC5700A04C75 /* Release */,
			);
			defaultConfigurationIsVisible = 0;
			defaultConfigurationName = Release;
		};
/* End XCConfigurationList section */
	};
	rootObject = 4566F014236CCC5500A04C75 /* Project object */;
}
