PODS:
  - CocoaLumberjack (3.7.2):
    - CocoaLumberjack/Core (= 3.7.2)
  - CocoaLumberjack/Core (3.7.2)
  - Google-Maps-iOS-Utils (3.10.3):
    - Google-Maps-iOS-Utils/Clustering (= 3.10.3)
    - Google-Maps-iOS-Utils/Geometry (= 3.10.3)
    - Google-Maps-iOS-Utils/GeometryUtils (= 3.10.3)
    - Google-Maps-iOS-Utils/Heatmap (= 3.10.3)
    - Google-Maps-iOS-Utils/QuadTree (= 3.10.3)
    - GoogleMaps
  - Google-Maps-iOS-Utils/Clustering (3.10.3):
    - Google-Maps-iOS-Utils/QuadTree
    - GoogleMaps
  - Google-Maps-iOS-Utils/Geometry (3.10.3):
    - GoogleMaps
  - Google-Maps-iOS-Utils/GeometryUtils (3.10.3):
    - GoogleMaps
  - Google-Maps-iOS-Utils/Heatmap (3.10.3):
    - Google-Maps-iOS-Utils/QuadTree
    - GoogleMaps
  - Google-Maps-iOS-Utils/QuadTree (3.10.3):
    - GoogleMaps
  - GoogleMaps (5.1.0):
    - GoogleMaps/Maps (= 5.1.0)
  - GoogleMaps/Base (5.1.0)
  - GoogleMaps/Maps (5.1.0):
    - GoogleMaps/Base
  - Keyboardy (0.2.7)
  - Keys (1.0.1)
  - PLCrashReporter (1.8.1)
  - PRKit (0.1.0):
    - SVGKit (~> 3.0)
  - Realm (10.16.0):
    - Realm/Headers (= 10.16.0)
  - Realm/Headers (10.16.0)
  - RealmSwift (10.16.0):
    - Realm (= 10.16.0)
  - RollbarCommon (2.0.0-beta.22)
  - RollbarNotifier (2.0.0-beta.22):
    - RollbarCommon (~> 2.0.0-beta.22)
  - RollbarPLCrashReporter (2.0.0-beta.22):
    - PLCrashReporter (~> 1.8.1)
    - RollbarCommon (~> 2.0.0-beta.22)
  - RollbarSwift (2.0.0-beta.22):
    - RollbarCommon (~> 2.0.0-beta.22)
    - RollbarNotifier (~> 2.0.0-beta.22)
  - Starscream (4.0.4)
  - SVGKit (3.0.0):
    - CocoaLumberjack (~> 3.0)
  - SwiftLint (0.44.0)

DEPENDENCIES:
  - Google-Maps-iOS-Utils
  - GoogleMaps
  - Keyboardy
  - Keys (from `Pods/CocoaPodsKeys`)
  - PRKit (from `https://github.com/peakresponse/peak-ios-prkit.git`, branch `dev`)
  - RealmSwift
  - RollbarNotifier (= 2.0.0-beta.22)
  - RollbarPLCrashReporter (= 2.0.0-beta.22)
  - RollbarSwift (= 2.0.0-beta.22)
  - Starscream
  - SwiftLint

SPEC REPOS:
  trunk:
    - CocoaLumberjack
    - Google-Maps-iOS-Utils
    - GoogleMaps
    - Keyboardy
    - PLCrashReporter
    - Realm
    - RealmSwift
    - RollbarCommon
    - RollbarNotifier
    - RollbarPLCrashReporter
    - RollbarSwift
    - Starscream
    - SVGKit
    - SwiftLint

EXTERNAL SOURCES:
  Keys:
    :path: Pods/CocoaPodsKeys
  PRKit:
    :branch: dev
    :git: https://github.com/peakresponse/peak-ios-prkit.git

CHECKOUT OPTIONS:
  PRKit:
    :commit: ca54f6a624b85264465bb04cff28a237c889c125
    :git: https://github.com/peakresponse/peak-ios-prkit.git

SPEC CHECKSUMS:
  CocoaLumberjack: b7e05132ff94f6ae4dfa9d5bce9141893a21d9da
  Google-Maps-iOS-Utils: 95d5ca4d2004314eff88c1819b969db6cac37ab6
  GoogleMaps: 086ae1dab659eaa7339bdb30fc88e2f44e7c597c
  Keyboardy: 5fee785baf2bc8fa95896a31d88b5f49488f839e
  Keys: a576f4c9c1c641ca913a959a9c62ed3f215a8de9
  PLCrashReporter: ea2d252e930f538a9f70f0b81bc9cce656651fbf
  PRKit: d551541ef51933be2b2cbdbb108ab38c87176674
  Realm: b6027801398f3743fc222f096faa85281b506e6c
  RealmSwift: b02a3d0e4947955da960b642c98ad3a461fc4e70
  RollbarCommon: a884c9a6a9c5007c9b45ab6dc625c26d7027929b
  RollbarNotifier: f92636ff6d8f874cdb5c336ec7f0cdbe2f462b2c
  RollbarPLCrashReporter: eedf4f75847ab59176f4bd87f6be4fcdf04626cd
  RollbarSwift: d4164ed984ee8406ace895465855bf9e87a0fb7d
  Starscream: 5178aed56b316f13fa3bc55694e583d35dd414d9
  SVGKit: 1ad7513f8c74d9652f94ed64ddecda1a23864dea
  SwiftLint: e96c0a8c770c7ebbc4d36c55baf9096bb65c4584

PODFILE CHECKSUM: d9d56e30fdd43aa726a9dbdf3183c62e19abaf56

COCOAPODS: 1.11.2
